// !$*UTF8*$!
{
	archiveVersion = 1;
	classes = {
	};
	objectVersion = 42;
	objects = {

/* Begin PBXBuildFile section */
		7704EC2414C70657001AF021 /* testApp.cpp in Sources */ = {isa = PBXBuildFile; fileRef = 7704EC2114C70657001AF021 /* testApp.cpp */; };
		7704EC2614C7066A001AF021 /* main.cpp in Sources */ = {isa = PBXBuildFile; fileRef = 7704EC2514C7066A001AF021 /* main.cpp */; };
		8C9A6340184E8CC200C313E4 /* ofxOpenNI.cpp in Sources */ = {isa = PBXBuildFile; fileRef = 8C9A633B184E8CC200C313E4 /* ofxOpenNI.cpp */; };
		8C9A6341184E8CC200C313E4 /* ofxOpenNITypes.cpp in Sources */ = {isa = PBXBuildFile; fileRef = 8C9A633D184E8CC200C313E4 /* ofxOpenNITypes.cpp */; };
		8C9A63DC184E8CEB00C313E4 /* libnimCodecs.dylib in Frameworks */ = {isa = PBXBuildFile; fileRef = 8C9A63CE184E8CEB00C313E4 /* libnimCodecs.dylib */; };
		8C9A63DD184E8CEB00C313E4 /* libnimMockNodes.dylib in Frameworks */ = {isa = PBXBuildFile; fileRef = 8C9A63CF184E8CEB00C313E4 /* libnimMockNodes.dylib */; };
		8C9A63DE184E8CEB00C313E4 /* libnimRecorder.dylib in Frameworks */ = {isa = PBXBuildFile; fileRef = 8C9A63D0184E8CEB00C313E4 /* libnimRecorder.dylib */; };
		8C9A63DF184E8CEB00C313E4 /* libOpenNI.dylib in Frameworks */ = {isa = PBXBuildFile; fileRef = 8C9A63D1184E8CEB00C313E4 /* libOpenNI.dylib */; };
		8C9A63E0184E8CEB00C313E4 /* libusb-1.0.0.dylib in Frameworks */ = {isa = PBXBuildFile; fileRef = 8C9A63D2184E8CEB00C313E4 /* libusb-1.0.0.dylib */; };
		8C9A63E1184E8CEB00C313E4 /* libXnCore.dylib in Frameworks */ = {isa = PBXBuildFile; fileRef = 8C9A63D3184E8CEB00C313E4 /* libXnCore.dylib */; };
		8C9A63E2184E8CEB00C313E4 /* libXnDDK.dylib in Frameworks */ = {isa = PBXBuildFile; fileRef = 8C9A63D4184E8CEB00C313E4 /* libXnDDK.dylib */; };
		8C9A63E3184E8CEB00C313E4 /* libXnDeviceFile.dylib in Frameworks */ = {isa = PBXBuildFile; fileRef = 8C9A63D5184E8CEB00C313E4 /* libXnDeviceFile.dylib */; };
		8C9A63E4184E8CEB00C313E4 /* libXnDeviceSensorV2KM.dylib in Frameworks */ = {isa = PBXBuildFile; fileRef = 8C9A63D6184E8CEB00C313E4 /* libXnDeviceSensorV2KM.dylib */; };
		8C9A63E5184E8CEB00C313E4 /* libXnFormats.dylib in Frameworks */ = {isa = PBXBuildFile; fileRef = 8C9A63D7184E8CEB00C313E4 /* libXnFormats.dylib */; };
		8C9A63E6184E8CEB00C313E4 /* libXnVCNITE_1_5_2.dylib in Frameworks */ = {isa = PBXBuildFile; fileRef = 8C9A63D8184E8CEB00C313E4 /* libXnVCNITE_1_5_2.dylib */; };
		8C9A63E7184E8CEB00C313E4 /* libXnVFeatures_1_5_2.dylib in Frameworks */ = {isa = PBXBuildFile; fileRef = 8C9A63D9184E8CEB00C313E4 /* libXnVFeatures_1_5_2.dylib */; };
		8C9A63E8184E8CEB00C313E4 /* libXnVHandGenerator_1_5_2.dylib in Frameworks */ = {isa = PBXBuildFile; fileRef = 8C9A63DA184E8CEB00C313E4 /* libXnVHandGenerator_1_5_2.dylib */; };
		8C9A63E9184E8CEB00C313E4 /* libXnVNite_1_5_2.dylib in Frameworks */ = {isa = PBXBuildFile; fileRef = 8C9A63DB184E8CEB00C313E4 /* libXnVNite_1_5_2.dylib */; };
		BBAB23CB13894F3D00AA2426 /* GLUT.framework in CopyFiles */ = {isa = PBXBuildFile; fileRef = BBAB23BE13894E4700AA2426 /* GLUT.framework */; };
		E4328149138ABC9F0047C5CB /* openFrameworksDebug.a in Frameworks */ = {isa = PBXBuildFile; fileRef = E4328148138ABC890047C5CB /* openFrameworksDebug.a */; };
		E45BE97B0E8CC7DD009D7055 /* AGL.framework in Frameworks */ = {isa = PBXBuildFile; fileRef = E45BE9710E8CC7DD009D7055 /* AGL.framework */; };
		E45BE97C0E8CC7DD009D7055 /* ApplicationServices.framework in Frameworks */ = {isa = PBXBuildFile; fileRef = E45BE9720E8CC7DD009D7055 /* ApplicationServices.framework */; };
		E45BE97D0E8CC7DD009D7055 /* AudioToolbox.framework in Frameworks */ = {isa = PBXBuildFile; fileRef = E45BE9730E8CC7DD009D7055 /* AudioToolbox.framework */; };
		E45BE97E0E8CC7DD009D7055 /* Carbon.framework in Frameworks */ = {isa = PBXBuildFile; fileRef = E45BE9740E8CC7DD009D7055 /* Carbon.framework */; };
		E45BE97F0E8CC7DD009D7055 /* CoreAudio.framework in Frameworks */ = {isa = PBXBuildFile; fileRef = E45BE9750E8CC7DD009D7055 /* CoreAudio.framework */; };
		E45BE9800E8CC7DD009D7055 /* CoreFoundation.framework in Frameworks */ = {isa = PBXBuildFile; fileRef = E45BE9760E8CC7DD009D7055 /* CoreFoundation.framework */; };
		E45BE9810E8CC7DD009D7055 /* CoreServices.framework in Frameworks */ = {isa = PBXBuildFile; fileRef = E45BE9770E8CC7DD009D7055 /* CoreServices.framework */; };
		E45BE9830E8CC7DD009D7055 /* OpenGL.framework in Frameworks */ = {isa = PBXBuildFile; fileRef = E45BE9790E8CC7DD009D7055 /* OpenGL.framework */; };
		E45BE9840E8CC7DD009D7055 /* QuickTime.framework in Frameworks */ = {isa = PBXBuildFile; fileRef = E45BE97A0E8CC7DD009D7055 /* QuickTime.framework */; };
		E4C2424710CC5A17004149E2 /* AppKit.framework in Frameworks */ = {isa = PBXBuildFile; fileRef = E4C2424410CC5A17004149E2 /* AppKit.framework */; };
		E4C2424810CC5A17004149E2 /* Cocoa.framework in Frameworks */ = {isa = PBXBuildFile; fileRef = E4C2424510CC5A17004149E2 /* Cocoa.framework */; };
		E4C2424910CC5A17004149E2 /* IOKit.framework in Frameworks */ = {isa = PBXBuildFile; fileRef = E4C2424610CC5A17004149E2 /* IOKit.framework */; };
		E4EB6799138ADC1D00A09F29 /* GLUT.framework in Frameworks */ = {isa = PBXBuildFile; fileRef = BBAB23BE13894E4700AA2426 /* GLUT.framework */; };
/* End PBXBuildFile section */

/* Begin PBXContainerItemProxy section */
		E4328147138ABC890047C5CB /* PBXContainerItemProxy */ = {
			isa = PBXContainerItemProxy;
			containerPortal = E4328143138ABC890047C5CB /* openFrameworksLib.xcodeproj */;
			proxyType = 2;
			remoteGlobalIDString = E4B27C1510CBEB8E00536013;
			remoteInfo = openFrameworks;
		};
		E4EEB9AB138B136A00A80321 /* PBXContainerItemProxy */ = {
			isa = PBXContainerItemProxy;
			containerPortal = E4328143138ABC890047C5CB /* openFrameworksLib.xcodeproj */;
			proxyType = 1;
			remoteGlobalIDString = E4B27C1410CBEB8E00536013;
			remoteInfo = openFrameworks;
		};
/* End PBXContainerItemProxy section */

/* Begin PBXCopyFilesBuildPhase section */
		E4C2427710CC5ABF004149E2 /* CopyFiles */ = {
			isa = PBXCopyFilesBuildPhase;
			buildActionMask = 2147483647;
			dstPath = "";
			dstSubfolderSpec = 10;
			files = (
				BBAB23CB13894F3D00AA2426 /* GLUT.framework in CopyFiles */,
			);
			runOnlyForDeploymentPostprocessing = 0;
		};
/* End PBXCopyFilesBuildPhase section */

/* Begin PBXFileReference section */
		7704EC2114C70657001AF021 /* testApp.cpp */ = {isa = PBXFileReference; fileEncoding = 4; lastKnownFileType = sourcecode.cpp.cpp; path = testApp.cpp; sourceTree = "<group>"; };
		7704EC2214C70657001AF021 /* testApp.h */ = {isa = PBXFileReference; fileEncoding = 4; lastKnownFileType = sourcecode.c.h; path = testApp.h; sourceTree = "<group>"; };
		7704EC2514C7066A001AF021 /* main.cpp */ = {isa = PBXFileReference; fileEncoding = 4; lastKnownFileType = sourcecode.cpp.cpp; path = main.cpp; sourceTree = "<group>"; };
		8C9A633B184E8CC200C313E4 /* ofxOpenNI.cpp */ = {isa = PBXFileReference; lastKnownFileType = sourcecode.cpp.cpp; path = ofxOpenNI.cpp; sourceTree = "<group>"; };
		8C9A633C184E8CC200C313E4 /* ofxOpenNI.h */ = {isa = PBXFileReference; lastKnownFileType = sourcecode.c.h; path = ofxOpenNI.h; sourceTree = "<group>"; };
		8C9A633D184E8CC200C313E4 /* ofxOpenNITypes.cpp */ = {isa = PBXFileReference; lastKnownFileType = sourcecode.cpp.cpp; path = ofxOpenNITypes.cpp; sourceTree = "<group>"; };
		8C9A633E184E8CC200C313E4 /* ofxOpenNITypes.h */ = {isa = PBXFileReference; lastKnownFileType = sourcecode.c.h; path = ofxOpenNITypes.h; sourceTree = "<group>"; };
		8C9A633F184E8CC200C313E4 /* ofxOpenNIUtils.h */ = {isa = PBXFileReference; lastKnownFileType = sourcecode.c.h; path = ofxOpenNIUtils.h; sourceTree = "<group>"; };
		8C9A6344184E8CEB00C313E4 /* libusb.h */ = {isa = PBXFileReference; fileEncoding = 4; lastKnownFileType = sourcecode.c.h; path = libusb.h; sourceTree = "<group>"; };
		8C9A6346184E8CEB00C313E4 /* XnCommon.h */ = {isa = PBXFileReference; fileEncoding = 4; lastKnownFileType = sourcecode.c.h; path = XnCommon.h; sourceTree = "<group>"; };
		8C9A6347184E8CEB00C313E4 /* XnV3DVector.h */ = {isa = PBXFileReference; fileEncoding = 4; lastKnownFileType = sourcecode.c.h; path = XnV3DVector.h; sourceTree = "<group>"; };
		8C9A6348184E8CEB00C313E4 /* XnVActivationMessage.h */ = {isa = PBXFileReference; fileEncoding = 4; lastKnownFileType = sourcecode.c.h; path = XnVActivationMessage.h; sourceTree = "<group>"; };
		8C9A6349184E8CEB00C313E4 /* XnVBroadcaster.h */ = {isa = PBXFileReference; fileEncoding = 4; lastKnownFileType = sourcecode.c.h; path = XnVBroadcaster.h; sourceTree = "<group>"; };
		8C9A634A184E8CEB00C313E4 /* XnVCCMessage.h */ = {isa = PBXFileReference; fileEncoding = 4; lastKnownFileType = sourcecode.c.h; path = XnVCCMessage.h; sourceTree = "<group>"; };
		8C9A634B184E8CEB00C313E4 /* XnVCircle.h */ = {isa = PBXFileReference; fileEncoding = 4; lastKnownFileType = sourcecode.c.h; path = XnVCircle.h; sourceTree = "<group>"; };
		8C9A634C184E8CEB00C313E4 /* XnVCircleDetector.h */ = {isa = PBXFileReference; fileEncoding = 4; lastKnownFileType = sourcecode.c.h; path = XnVCircleDetector.h; sourceTree = "<group>"; };
		8C9A634D184E8CEB00C313E4 /* XnVClickableVirtualPlane.h */ = {isa = PBXFileReference; fileEncoding = 4; lastKnownFileType = sourcecode.c.h; path = XnVClickableVirtualPlane.h; sourceTree = "<group>"; };
		8C9A634E184E8CEB00C313E4 /* XnVComplexMessage.h */ = {isa = PBXFileReference; fileEncoding = 4; lastKnownFileType = sourcecode.c.h; path = XnVComplexMessage.h; sourceTree = "<group>"; };
		8C9A634F184E8CEB00C313E4 /* XnVDepthControl.h */ = {isa = PBXFileReference; fileEncoding = 4; lastKnownFileType = sourcecode.c.h; path = XnVDepthControl.h; sourceTree = "<group>"; };
		8C9A6350184E8CEB00C313E4 /* XnVDepthGenerator.h */ = {isa = PBXFileReference; fileEncoding = 4; lastKnownFileType = sourcecode.c.h; path = XnVDepthGenerator.h; sourceTree = "<group>"; };
		8C9A6351184E8CEB00C313E4 /* XnVDepthMessage.h */ = {isa = PBXFileReference; fileEncoding = 4; lastKnownFileType = sourcecode.c.h; path = XnVDepthMessage.h; sourceTree = "<group>"; };
		8C9A6352184E8CEB00C313E4 /* XnVDeviceControl.h */ = {isa = PBXFileReference; fileEncoding = 4; lastKnownFileType = sourcecode.c.h; path = XnVDeviceControl.h; sourceTree = "<group>"; };
		8C9A6353184E8CEB00C313E4 /* XnVDeviceFilter.h */ = {isa = PBXFileReference; fileEncoding = 4; lastKnownFileType = sourcecode.c.h; path = XnVDeviceFilter.h; sourceTree = "<group>"; };
		8C9A6354184E8CEB00C313E4 /* XnVDeviceGenerator.h */ = {isa = PBXFileReference; fileEncoding = 4; lastKnownFileType = sourcecode.c.h; path = XnVDeviceGenerator.h; sourceTree = "<group>"; };
		8C9A6355184E8CEB00C313E4 /* XnVDeviceMessage.h */ = {isa = PBXFileReference; fileEncoding = 4; lastKnownFileType = sourcecode.c.h; path = XnVDeviceMessage.h; sourceTree = "<group>"; };
		8C9A6356184E8CEB00C313E4 /* XnVDirection.h */ = {isa = PBXFileReference; fileEncoding = 4; lastKnownFileType = sourcecode.c.h; path = XnVDirection.h; sourceTree = "<group>"; };
		8C9A6357184E8CEB00C313E4 /* XnVFilter.h */ = {isa = PBXFileReference; fileEncoding = 4; lastKnownFileType = sourcecode.c.h; path = XnVFilter.h; sourceTree = "<group>"; };
		8C9A6358184E8CEB00C313E4 /* XnVFlowRouter.h */ = {isa = PBXFileReference; fileEncoding = 4; lastKnownFileType = sourcecode.c.h; path = XnVFlowRouter.h; sourceTree = "<group>"; };
		8C9A6359184E8CEB00C313E4 /* XnVGesture.h */ = {isa = PBXFileReference; fileEncoding = 4; lastKnownFileType = sourcecode.c.h; path = XnVGesture.h; sourceTree = "<group>"; };
		8C9A635A184E8CEB00C313E4 /* XnVHandle.h */ = {isa = PBXFileReference; fileEncoding = 4; lastKnownFileType = sourcecode.c.h; path = XnVHandle.h; sourceTree = "<group>"; };
		8C9A635B184E8CEB00C313E4 /* XnVHandPointContext.h */ = {isa = PBXFileReference; fileEncoding = 4; lastKnownFileType = sourcecode.c.h; path = XnVHandPointContext.h; sourceTree = "<group>"; };
		8C9A635C184E8CEB00C313E4 /* XnVImageGenerator.h */ = {isa = PBXFileReference; fileEncoding = 4; lastKnownFileType = sourcecode.c.h; path = XnVImageGenerator.h; sourceTree = "<group>"; };
		8C9A635D184E8CEB00C313E4 /* XnVImageMessage.h */ = {isa = PBXFileReference; fileEncoding = 4; lastKnownFileType = sourcecode.c.h; path = XnVImageMessage.h; sourceTree = "<group>"; };
		8C9A635E184E8CEB00C313E4 /* XnVMathCommon.h */ = {isa = PBXFileReference; fileEncoding = 4; lastKnownFileType = sourcecode.c.h; path = XnVMathCommon.h; sourceTree = "<group>"; };
		8C9A635F184E8CEB00C313E4 /* XnVMessage.h */ = {isa = PBXFileReference; fileEncoding = 4; lastKnownFileType = sourcecode.c.h; path = XnVMessage.h; sourceTree = "<group>"; };
		8C9A6360184E8CEB00C313E4 /* XnVMessageGenerator.h */ = {isa = PBXFileReference; fileEncoding = 4; lastKnownFileType = sourcecode.c.h; path = XnVMessageGenerator.h; sourceTree = "<group>"; };
		8C9A6361184E8CEB00C313E4 /* XnVMessageListener.h */ = {isa = PBXFileReference; fileEncoding = 4; lastKnownFileType = sourcecode.c.h; path = XnVMessageListener.h; sourceTree = "<group>"; };
		8C9A6362184E8CEB00C313E4 /* XnVMessageMux.h */ = {isa = PBXFileReference; fileEncoding = 4; lastKnownFileType = sourcecode.c.h; path = XnVMessageMux.h; sourceTree = "<group>"; };
		8C9A6363184E8CEB00C313E4 /* XnVMultiItemHysteresis1D.h */ = {isa = PBXFileReference; fileEncoding = 4; lastKnownFileType = sourcecode.c.h; path = XnVMultiItemHysteresis1D.h; sourceTree = "<group>"; };
		8C9A6364184E8CEB00C313E4 /* XnVMultiItemHysteresis2D.h */ = {isa = PBXFileReference; fileEncoding = 4; lastKnownFileType = sourcecode.c.h; path = XnVMultiItemHysteresis2D.h; sourceTree = "<group>"; };
		8C9A6365184E8CEB00C313E4 /* XnVMultipleHands.h */ = {isa = PBXFileReference; fileEncoding = 4; lastKnownFileType = sourcecode.c.h; path = XnVMultipleHands.h; sourceTree = "<group>"; };
		8C9A6366184E8CEB00C313E4 /* XnVMultiProcessFlowClient.h */ = {isa = PBXFileReference; fileEncoding = 4; lastKnownFileType = sourcecode.c.h; path = XnVMultiProcessFlowClient.h; sourceTree = "<group>"; };
		8C9A6367184E8CEB00C313E4 /* XnVMultiProcessFlowServer.h */ = {isa = PBXFileReference; fileEncoding = 4; lastKnownFileType = sourcecode.c.h; path = XnVMultiProcessFlowServer.h; sourceTree = "<group>"; };
		8C9A6368184E8CEB00C313E4 /* XnVNite.h */ = {isa = PBXFileReference; fileEncoding = 4; lastKnownFileType = sourcecode.c.h; path = XnVNite.h; sourceTree = "<group>"; };
		8C9A6369184E8CEB00C313E4 /* XnVNiteControls.h */ = {isa = PBXFileReference; fileEncoding = 4; lastKnownFileType = sourcecode.c.h; path = XnVNiteControls.h; sourceTree = "<group>"; };
		8C9A636A184E8CEB00C313E4 /* XnVNiteDefs.h */ = {isa = PBXFileReference; fileEncoding = 4; lastKnownFileType = sourcecode.c.h; path = XnVNiteDefs.h; sourceTree = "<group>"; };
		8C9A636B184E8CEB00C313E4 /* XnVNiteFramework.h */ = {isa = PBXFileReference; fileEncoding = 4; lastKnownFileType = sourcecode.c.h; path = XnVNiteFramework.h; sourceTree = "<group>"; };
		8C9A636C184E8CEB00C313E4 /* XnVNiteLog.h */ = {isa = PBXFileReference; fileEncoding = 4; lastKnownFileType = sourcecode.c.h; path = XnVNiteLog.h; sourceTree = "<group>"; };
		8C9A636D184E8CEB00C313E4 /* XnVNiteStatus.h */ = {isa = PBXFileReference; fileEncoding = 4; lastKnownFileType = sourcecode.c.h; path = XnVNiteStatus.h; sourceTree = "<group>"; };
		8C9A636E184E8CEB00C313E4 /* XnVNiteVersion.h */ = {isa = PBXFileReference; fileEncoding = 4; lastKnownFileType = sourcecode.c.h; path = XnVNiteVersion.h; sourceTree = "<group>"; };
		8C9A636F184E8CEB00C313E4 /* XnVPointArea.h */ = {isa = PBXFileReference; fileEncoding = 4; lastKnownFileType = sourcecode.c.h; path = XnVPointArea.h; sourceTree = "<group>"; };
		8C9A6370184E8CEB00C313E4 /* XnVPointControl.h */ = {isa = PBXFileReference; fileEncoding = 4; lastKnownFileType = sourcecode.c.h; path = XnVPointControl.h; sourceTree = "<group>"; };
		8C9A6371184E8CEB00C313E4 /* XnVPointDenoiser.h */ = {isa = PBXFileReference; fileEncoding = 4; lastKnownFileType = sourcecode.c.h; path = XnVPointDenoiser.h; sourceTree = "<group>"; };
		8C9A6372184E8CEB00C313E4 /* XnVPointFilter.h */ = {isa = PBXFileReference; fileEncoding = 4; lastKnownFileType = sourcecode.c.h; path = XnVPointFilter.h; sourceTree = "<group>"; };
		8C9A6373184E8CEB00C313E4 /* XnVPointMessage.h */ = {isa = PBXFileReference; fileEncoding = 4; lastKnownFileType = sourcecode.c.h; path = XnVPointMessage.h; sourceTree = "<group>"; };
		8C9A6374184E8CEB00C313E4 /* XnVPointTracker.h */ = {isa = PBXFileReference; fileEncoding = 4; lastKnownFileType = sourcecode.c.h; path = XnVPointTracker.h; sourceTree = "<group>"; };
		8C9A6375184E8CEB00C313E4 /* XnVPushDetector.h */ = {isa = PBXFileReference; fileEncoding = 4; lastKnownFileType = sourcecode.c.h; path = XnVPushDetector.h; sourceTree = "<group>"; };
		8C9A6376184E8CEB00C313E4 /* XnVSelectableSlider1D.h */ = {isa = PBXFileReference; fileEncoding = 4; lastKnownFileType = sourcecode.c.h; path = XnVSelectableSlider1D.h; sourceTree = "<group>"; };
		8C9A6377184E8CEB00C313E4 /* XnVSelectableSlider2D.h */ = {isa = PBXFileReference; fileEncoding = 4; lastKnownFileType = sourcecode.c.h; path = XnVSelectableSlider2D.h; sourceTree = "<group>"; };
		8C9A6378184E8CEB00C313E4 /* XnVSessionGenerator.h */ = {isa = PBXFileReference; fileEncoding = 4; lastKnownFileType = sourcecode.c.h; path = XnVSessionGenerator.h; sourceTree = "<group>"; };
		8C9A6379184E8CEB00C313E4 /* XnVSessionListener.h */ = {isa = PBXFileReference; fileEncoding = 4; lastKnownFileType = sourcecode.c.h; path = XnVSessionListener.h; sourceTree = "<group>"; };
		8C9A637A184E8CEB00C313E4 /* XnVSessionManager.h */ = {isa = PBXFileReference; fileEncoding = 4; lastKnownFileType = sourcecode.c.h; path = XnVSessionManager.h; sourceTree = "<group>"; };
		8C9A637B184E8CEB00C313E4 /* XnVSessionMessage.h */ = {isa = PBXFileReference; fileEncoding = 4; lastKnownFileType = sourcecode.c.h; path = XnVSessionMessage.h; sourceTree = "<group>"; };
		8C9A637C184E8CEB00C313E4 /* XnVSlider1D.h */ = {isa = PBXFileReference; fileEncoding = 4; lastKnownFileType = sourcecode.c.h; path = XnVSlider1D.h; sourceTree = "<group>"; };
		8C9A637D184E8CEB00C313E4 /* XnVSlider2D.h */ = {isa = PBXFileReference; fileEncoding = 4; lastKnownFileType = sourcecode.c.h; path = XnVSlider2D.h; sourceTree = "<group>"; };
		8C9A637E184E8CEB00C313E4 /* XnVSlider3D.h */ = {isa = PBXFileReference; fileEncoding = 4; lastKnownFileType = sourcecode.c.h; path = XnVSlider3D.h; sourceTree = "<group>"; };
		8C9A637F184E8CEB00C313E4 /* XnVSteadyDetector.h */ = {isa = PBXFileReference; fileEncoding = 4; lastKnownFileType = sourcecode.c.h; path = XnVSteadyDetector.h; sourceTree = "<group>"; };
		8C9A6380184E8CEB00C313E4 /* XnVSwipeDetector.h */ = {isa = PBXFileReference; fileEncoding = 4; lastKnownFileType = sourcecode.c.h; path = XnVSwipeDetector.h; sourceTree = "<group>"; };
		8C9A6381184E8CEB00C313E4 /* XnVVirtualCoordinates.h */ = {isa = PBXFileReference; fileEncoding = 4; lastKnownFileType = sourcecode.c.h; path = XnVVirtualCoordinates.h; sourceTree = "<group>"; };
		8C9A6382184E8CEB00C313E4 /* XnVWaveDetector.h */ = {isa = PBXFileReference; fileEncoding = 4; lastKnownFileType = sourcecode.c.h; path = XnVWaveDetector.h; sourceTree = "<group>"; };
		8C9A6385184E8CEB00C313E4 /* XnPlatformAndroid-Arm.h */ = {isa = PBXFileReference; fileEncoding = 4; lastKnownFileType = sourcecode.c.h; path = "XnPlatformAndroid-Arm.h"; sourceTree = "<group>"; };
		8C9A6387184E8CEB00C313E4 /* XnOSARC.h */ = {isa = PBXFileReference; fileEncoding = 4; lastKnownFileType = sourcecode.c.h; path = XnOSARC.h; sourceTree = "<group>"; };
		8C9A6388184E8CEB00C313E4 /* XnPlatformARC.h */ = {isa = PBXFileReference; fileEncoding = 4; lastKnownFileType = sourcecode.c.h; path = XnPlatformARC.h; sourceTree = "<group>"; };
		8C9A6389184E8CEB00C313E4 /* IXnNodeAllocator.h */ = {isa = PBXFileReference; fileEncoding = 4; lastKnownFileType = sourcecode.c.h; path = IXnNodeAllocator.h; sourceTree = "<group>"; };
		8C9A638B184E8CEB00C313E4 /* XnPlatformLinux-Arm.h */ = {isa = PBXFileReference; fileEncoding = 4; lastKnownFileType = sourcecode.c.h; path = "XnPlatformLinux-Arm.h"; sourceTree = "<group>"; };
		8C9A638D184E8CEB00C313E4 /* XnOSLinux-x86.h */ = {isa = PBXFileReference; fileEncoding = 4; lastKnownFileType = sourcecode.c.h; path = "XnOSLinux-x86.h"; sourceTree = "<group>"; };
		8C9A638E184E8CEB00C313E4 /* XnPlatformLinux-x86.h */ = {isa = PBXFileReference; fileEncoding = 4; lastKnownFileType = sourcecode.c.h; path = "XnPlatformLinux-x86.h"; sourceTree = "<group>"; };
		8C9A6390184E8CEB00C313E4 /* XnPlatformMacOSX.h */ = {isa = PBXFileReference; fileEncoding = 4; lastKnownFileType = sourcecode.c.h; path = XnPlatformMacOSX.h; sourceTree = "<group>"; };
		8C9A6392184E8CEB00C313E4 /* usb100.h */ = {isa = PBXFileReference; fileEncoding = 4; lastKnownFileType = sourcecode.c.h; path = usb100.h; sourceTree = "<group>"; };
		8C9A6393184E8CEB00C313E4 /* XnOSWin32.h */ = {isa = PBXFileReference; fileEncoding = 4; lastKnownFileType = sourcecode.c.h; path = XnOSWin32.h; sourceTree = "<group>"; };
		8C9A6394184E8CEB00C313E4 /* XnPlatformWin32.h */ = {isa = PBXFileReference; fileEncoding = 4; lastKnownFileType = sourcecode.c.h; path = XnPlatformWin32.h; sourceTree = "<group>"; };
		8C9A6395184E8CEB00C313E4 /* XnAlgorithms.h */ = {isa = PBXFileReference; fileEncoding = 4; lastKnownFileType = sourcecode.c.h; path = XnAlgorithms.h; sourceTree = "<group>"; };
		8C9A6396184E8CEB00C313E4 /* XnArray.h */ = {isa = PBXFileReference; fileEncoding = 4; lastKnownFileType = sourcecode.c.h; path = XnArray.h; sourceTree = "<group>"; };
		8C9A6397184E8CEB00C313E4 /* XnBaseNode.h */ = {isa = PBXFileReference; fileEncoding = 4; lastKnownFileType = sourcecode.c.h; path = XnBaseNode.h; sourceTree = "<group>"; };
		8C9A6398184E8CEB00C313E4 /* XnBitSet.h */ = {isa = PBXFileReference; fileEncoding = 4; lastKnownFileType = sourcecode.c.h; path = XnBitSet.h; sourceTree = "<group>"; };
		8C9A6399184E8CEB00C313E4 /* XnCallback.h */ = {isa = PBXFileReference; fileEncoding = 4; lastKnownFileType = sourcecode.c.h; path = XnCallback.h; sourceTree = "<group>"; };
		8C9A639A184E8CEB00C313E4 /* XnCodecIDs.h */ = {isa = PBXFileReference; fileEncoding = 4; lastKnownFileType = sourcecode.c.h; path = XnCodecIDs.h; sourceTree = "<group>"; };
		8C9A639B184E8CEB00C313E4 /* XnContext.h */ = {isa = PBXFileReference; fileEncoding = 4; lastKnownFileType = sourcecode.c.h; path = XnContext.h; sourceTree = "<group>"; };
		8C9A639C184E8CEB00C313E4 /* XnCppWrapper.h */ = {isa = PBXFileReference; fileEncoding = 4; lastKnownFileType = sourcecode.c.h; path = XnCppWrapper.h; sourceTree = "<group>"; };
		8C9A639D184E8CEB00C313E4 /* XnDataTypes.h */ = {isa = PBXFileReference; fileEncoding = 4; lastKnownFileType = sourcecode.c.h; path = XnDataTypes.h; sourceTree = "<group>"; };
		8C9A639E184E8CEB00C313E4 /* XnDerivedCast.h */ = {isa = PBXFileReference; fileEncoding = 4; lastKnownFileType = sourcecode.c.h; path = XnDerivedCast.h; sourceTree = "<group>"; };
		8C9A639F184E8CEB00C313E4 /* XnDump.h */ = {isa = PBXFileReference; fileEncoding = 4; lastKnownFileType = sourcecode.c.h; path = XnDump.h; sourceTree = "<group>"; };
		8C9A63A0184E8CEB00C313E4 /* XnDumpWriters.h */ = {isa = PBXFileReference; fileEncoding = 4; lastKnownFileType = sourcecode.c.h; path = XnDumpWriters.h; sourceTree = "<group>"; };
		8C9A63A1184E8CEB00C313E4 /* XnEnumerationErrors.h */ = {isa = PBXFileReference; fileEncoding = 4; lastKnownFileType = sourcecode.c.h; path = XnEnumerationErrors.h; sourceTree = "<group>"; };
		8C9A63A2184E8CEB00C313E4 /* XnEvent.h */ = {isa = PBXFileReference; fileEncoding = 4; lastKnownFileType = sourcecode.c.h; path = XnEvent.h; sourceTree = "<group>"; };
		8C9A63A3184E8CEB00C313E4 /* XnFPSCalculator.h */ = {isa = PBXFileReference; fileEncoding = 4; lastKnownFileType = sourcecode.c.h; path = XnFPSCalculator.h; sourceTree = "<group>"; };
		8C9A63A4184E8CEB00C313E4 /* XnGeneralBuffer.h */ = {isa = PBXFileReference; fileEncoding = 4; lastKnownFileType = sourcecode.c.h; path = XnGeneralBuffer.h; sourceTree = "<group>"; };
		8C9A63A5184E8CEB00C313E4 /* XnHash.h */ = {isa = PBXFileReference; fileEncoding = 4; lastKnownFileType = sourcecode.c.h; path = XnHash.h; sourceTree = "<group>"; };
		8C9A63A6184E8CEB00C313E4 /* XnInternalDefs.h */ = {isa = PBXFileReference; fileEncoding = 4; lastKnownFileType = sourcecode.c.h; path = XnInternalDefs.h; sourceTree = "<group>"; };
		8C9A63A7184E8CEB00C313E4 /* XnLicensing.h */ = {isa = PBXFileReference; fileEncoding = 4; lastKnownFileType = sourcecode.c.h; path = XnLicensing.h; sourceTree = "<group>"; };
		8C9A63A8184E8CEB00C313E4 /* XnList.h */ = {isa = PBXFileReference; fileEncoding = 4; lastKnownFileType = sourcecode.c.h; path = XnList.h; sourceTree = "<group>"; };
		8C9A63A9184E8CEB00C313E4 /* XnLog.h */ = {isa = PBXFileReference; fileEncoding = 4; lastKnownFileType = sourcecode.c.h; path = XnLog.h; sourceTree = "<group>"; };
		8C9A63AA184E8CEB00C313E4 /* XnLogTypes.h */ = {isa = PBXFileReference; fileEncoding = 4; lastKnownFileType = sourcecode.c.h; path = XnLogTypes.h; sourceTree = "<group>"; };
		8C9A63AB184E8CEB00C313E4 /* XnLogWriterBase.h */ = {isa = PBXFileReference; fileEncoding = 4; lastKnownFileType = sourcecode.c.h; path = XnLogWriterBase.h; sourceTree = "<group>"; };
		8C9A63AC184E8CEB00C313E4 /* XnMacros.h */ = {isa = PBXFileReference; fileEncoding = 4; lastKnownFileType = sourcecode.c.h; path = XnMacros.h; sourceTree = "<group>"; };
		8C9A63AD184E8CEB00C313E4 /* XnModuleCFunctions.h */ = {isa = PBXFileReference; fileEncoding = 4; lastKnownFileType = sourcecode.c.h; path = XnModuleCFunctions.h; sourceTree = "<group>"; };
		8C9A63AE184E8CEB00C313E4 /* XnModuleCppInterface.h */ = {isa = PBXFileReference; fileEncoding = 4; lastKnownFileType = sourcecode.c.h; path = XnModuleCppInterface.h; sourceTree = "<group>"; };
		8C9A63AF184E8CEB00C313E4 /* XnModuleCppRegistratration.h */ = {isa = PBXFileReference; fileEncoding = 4; lastKnownFileType = sourcecode.c.h; path = XnModuleCppRegistratration.h; sourceTree = "<group>"; };
		8C9A63B0184E8CEB00C313E4 /* XnModuleInterface.h */ = {isa = PBXFileReference; fileEncoding = 4; lastKnownFileType = sourcecode.c.h; path = XnModuleInterface.h; sourceTree = "<group>"; };
		8C9A63B1184E8CEB00C313E4 /* XnNode.h */ = {isa = PBXFileReference; fileEncoding = 4; lastKnownFileType = sourcecode.c.h; path = XnNode.h; sourceTree = "<group>"; };
		8C9A63B2184E8CEB00C313E4 /* XnNodeAllocator.h */ = {isa = PBXFileReference; fileEncoding = 4; lastKnownFileType = sourcecode.c.h; path = XnNodeAllocator.h; sourceTree = "<group>"; };
		8C9A63B3184E8CEB00C313E4 /* XnOpenNI.h */ = {isa = PBXFileReference; fileEncoding = 4; lastKnownFileType = sourcecode.c.h; path = XnOpenNI.h; sourceTree = "<group>"; };
		8C9A63B4184E8CEB00C313E4 /* XnOS.h */ = {isa = PBXFileReference; fileEncoding = 4; lastKnownFileType = sourcecode.c.h; path = XnOS.h; sourceTree = "<group>"; };
		8C9A63B5184E8CEB00C313E4 /* XnOSCpp.h */ = {isa = PBXFileReference; fileEncoding = 4; lastKnownFileType = sourcecode.c.h; path = XnOSCpp.h; sourceTree = "<group>"; };
		8C9A63B6184E8CEB00C313E4 /* XnOSMemory.h */ = {isa = PBXFileReference; fileEncoding = 4; lastKnownFileType = sourcecode.c.h; path = XnOSMemory.h; sourceTree = "<group>"; };
		8C9A63B7184E8CEB00C313E4 /* XnOSStrings.h */ = {isa = PBXFileReference; fileEncoding = 4; lastKnownFileType = sourcecode.c.h; path = XnOSStrings.h; sourceTree = "<group>"; };
		8C9A63B8184E8CEB00C313E4 /* XnPlatform.h */ = {isa = PBXFileReference; fileEncoding = 4; lastKnownFileType = sourcecode.c.h; path = XnPlatform.h; sourceTree = "<group>"; };
		8C9A63B9184E8CEB00C313E4 /* XnPrdNode.h */ = {isa = PBXFileReference; fileEncoding = 4; lastKnownFileType = sourcecode.c.h; path = XnPrdNode.h; sourceTree = "<group>"; };
		8C9A63BA184E8CEB00C313E4 /* XnPrdNodeInfo.h */ = {isa = PBXFileReference; fileEncoding = 4; lastKnownFileType = sourcecode.c.h; path = XnPrdNodeInfo.h; sourceTree = "<group>"; };
		8C9A63BB184E8CEB00C313E4 /* XnPrdNodeInfoList.h */ = {isa = PBXFileReference; fileEncoding = 4; lastKnownFileType = sourcecode.c.h; path = XnPrdNodeInfoList.h; sourceTree = "<group>"; };
		8C9A63BC184E8CEB00C313E4 /* XnProfiling.h */ = {isa = PBXFileReference; fileEncoding = 4; lastKnownFileType = sourcecode.c.h; path = XnProfiling.h; sourceTree = "<group>"; };
		8C9A63BD184E8CEB00C313E4 /* XnPropNames.h */ = {isa = PBXFileReference; fileEncoding = 4; lastKnownFileType = sourcecode.c.h; path = XnPropNames.h; sourceTree = "<group>"; };
		8C9A63BE184E8CEB00C313E4 /* XnQueries.h */ = {isa = PBXFileReference; fileEncoding = 4; lastKnownFileType = sourcecode.c.h; path = XnQueries.h; sourceTree = "<group>"; };
		8C9A63BF184E8CEB00C313E4 /* XnQueue.h */ = {isa = PBXFileReference; fileEncoding = 4; lastKnownFileType = sourcecode.c.h; path = XnQueue.h; sourceTree = "<group>"; };
		8C9A63C0184E8CEB00C313E4 /* XnScheduler.h */ = {isa = PBXFileReference; fileEncoding = 4; lastKnownFileType = sourcecode.c.h; path = XnScheduler.h; sourceTree = "<group>"; };
		8C9A63C1184E8CEB00C313E4 /* XnStack.h */ = {isa = PBXFileReference; fileEncoding = 4; lastKnownFileType = sourcecode.c.h; path = XnStack.h; sourceTree = "<group>"; };
		8C9A63C2184E8CEB00C313E4 /* XnStatus.h */ = {isa = PBXFileReference; fileEncoding = 4; lastKnownFileType = sourcecode.c.h; path = XnStatus.h; sourceTree = "<group>"; };
		8C9A63C3184E8CEB00C313E4 /* XnStatusCodes.h */ = {isa = PBXFileReference; fileEncoding = 4; lastKnownFileType = sourcecode.c.h; path = XnStatusCodes.h; sourceTree = "<group>"; };
		8C9A63C4184E8CEB00C313E4 /* XnStatusRegister.h */ = {isa = PBXFileReference; fileEncoding = 4; lastKnownFileType = sourcecode.c.h; path = XnStatusRegister.h; sourceTree = "<group>"; };
		8C9A63C5184E8CEB00C313E4 /* XnStringsHash.h */ = {isa = PBXFileReference; fileEncoding = 4; lastKnownFileType = sourcecode.c.h; path = XnStringsHash.h; sourceTree = "<group>"; };
		8C9A63C6184E8CEB00C313E4 /* XnThreadSafeQueue.h */ = {isa = PBXFileReference; fileEncoding = 4; lastKnownFileType = sourcecode.c.h; path = XnThreadSafeQueue.h; sourceTree = "<group>"; };
		8C9A63C7184E8CEB00C313E4 /* XnTypes.h */ = {isa = PBXFileReference; fileEncoding = 4; lastKnownFileType = sourcecode.c.h; path = XnTypes.h; sourceTree = "<group>"; };
		8C9A63C8184E8CEB00C313E4 /* XnUSB.h */ = {isa = PBXFileReference; fileEncoding = 4; lastKnownFileType = sourcecode.c.h; path = XnUSB.h; sourceTree = "<group>"; };
		8C9A63C9184E8CEB00C313E4 /* XnUSBDevice.h */ = {isa = PBXFileReference; fileEncoding = 4; lastKnownFileType = sourcecode.c.h; path = XnUSBDevice.h; sourceTree = "<group>"; };
		8C9A63CA184E8CEB00C313E4 /* XnUtils.h */ = {isa = PBXFileReference; fileEncoding = 4; lastKnownFileType = sourcecode.c.h; path = XnUtils.h; sourceTree = "<group>"; };
		8C9A63CB184E8CEB00C313E4 /* XnVersion.h */ = {isa = PBXFileReference; fileEncoding = 4; lastKnownFileType = sourcecode.c.h; path = XnVersion.h; sourceTree = "<group>"; };
		8C9A63CD184E8CEB00C313E4 /* change_exec_paths.sh */ = {isa = PBXFileReference; fileEncoding = 4; lastKnownFileType = text.script.sh; path = change_exec_paths.sh; sourceTree = "<group>"; };
		8C9A63CE184E8CEB00C313E4 /* libnimCodecs.dylib */ = {isa = PBXFileReference; lastKnownFileType = "compiled.mach-o.dylib"; path = libnimCodecs.dylib; sourceTree = "<group>"; };
		8C9A63CF184E8CEB00C313E4 /* libnimMockNodes.dylib */ = {isa = PBXFileReference; lastKnownFileType = "compiled.mach-o.dylib"; path = libnimMockNodes.dylib; sourceTree = "<group>"; };
		8C9A63D0184E8CEB00C313E4 /* libnimRecorder.dylib */ = {isa = PBXFileReference; lastKnownFileType = "compiled.mach-o.dylib"; path = libnimRecorder.dylib; sourceTree = "<group>"; };
		8C9A63D1184E8CEB00C313E4 /* libOpenNI.dylib */ = {isa = PBXFileReference; lastKnownFileType = "compiled.mach-o.dylib"; path = libOpenNI.dylib; sourceTree = "<group>"; };
		8C9A63D2184E8CEB00C313E4 /* libusb-1.0.0.dylib */ = {isa = PBXFileReference; lastKnownFileType = "compiled.mach-o.dylib"; path = "libusb-1.0.0.dylib"; sourceTree = "<group>"; };
		8C9A63D3184E8CEB00C313E4 /* libXnCore.dylib */ = {isa = PBXFileReference; lastKnownFileType = "compiled.mach-o.dylib"; path = libXnCore.dylib; sourceTree = "<group>"; };
		8C9A63D4184E8CEB00C313E4 /* libXnDDK.dylib */ = {isa = PBXFileReference; lastKnownFileType = "compiled.mach-o.dylib"; path = libXnDDK.dylib; sourceTree = "<group>"; };
		8C9A63D5184E8CEB00C313E4 /* libXnDeviceFile.dylib */ = {isa = PBXFileReference; lastKnownFileType = "compiled.mach-o.dylib"; path = libXnDeviceFile.dylib; sourceTree = "<group>"; };
		8C9A63D6184E8CEB00C313E4 /* libXnDeviceSensorV2KM.dylib */ = {isa = PBXFileReference; lastKnownFileType = "compiled.mach-o.dylib"; path = libXnDeviceSensorV2KM.dylib; sourceTree = "<group>"; };
		8C9A63D7184E8CEB00C313E4 /* libXnFormats.dylib */ = {isa = PBXFileReference; lastKnownFileType = "compiled.mach-o.dylib"; path = libXnFormats.dylib; sourceTree = "<group>"; };
		8C9A63D8184E8CEB00C313E4 /* libXnVCNITE_1_5_2.dylib */ = {isa = PBXFileReference; lastKnownFileType = "compiled.mach-o.dylib"; path = libXnVCNITE_1_5_2.dylib; sourceTree = "<group>"; };
		8C9A63D9184E8CEB00C313E4 /* libXnVFeatures_1_5_2.dylib */ = {isa = PBXFileReference; lastKnownFileType = "compiled.mach-o.dylib"; path = libXnVFeatures_1_5_2.dylib; sourceTree = "<group>"; };
		8C9A63DA184E8CEB00C313E4 /* libXnVHandGenerator_1_5_2.dylib */ = {isa = PBXFileReference; lastKnownFileType = "compiled.mach-o.dylib"; path = libXnVHandGenerator_1_5_2.dylib; sourceTree = "<group>"; };
		8C9A63DB184E8CEB00C313E4 /* libXnVNite_1_5_2.dylib */ = {isa = PBXFileReference; lastKnownFileType = "compiled.mach-o.dylib"; path = libXnVNite_1_5_2.dylib; sourceTree = "<group>"; };
		BBAB23BE13894E4700AA2426 /* GLUT.framework */ = {isa = PBXFileReference; lastKnownFileType = wrapper.framework; name = GLUT.framework; path = ../../../libs/glut/lib/osx/GLUT.framework; sourceTree = "<group>"; };
		E4328143138ABC890047C5CB /* openFrameworksLib.xcodeproj */ = {isa = PBXFileReference; lastKnownFileType = "wrapper.pb-project"; name = openFrameworksLib.xcodeproj; path = ../../../libs/openFrameworksCompiled/project/osx/openFrameworksLib.xcodeproj; sourceTree = SOURCE_ROOT; };
		E45BE9710E8CC7DD009D7055 /* AGL.framework */ = {isa = PBXFileReference; lastKnownFileType = wrapper.framework; name = AGL.framework; path = /System/Library/Frameworks/AGL.framework; sourceTree = "<absolute>"; };
		E45BE9720E8CC7DD009D7055 /* ApplicationServices.framework */ = {isa = PBXFileReference; lastKnownFileType = wrapper.framework; name = ApplicationServices.framework; path = /System/Library/Frameworks/ApplicationServices.framework; sourceTree = "<absolute>"; };
		E45BE9730E8CC7DD009D7055 /* AudioToolbox.framework */ = {isa = PBXFileReference; lastKnownFileType = wrapper.framework; name = AudioToolbox.framework; path = /System/Library/Frameworks/AudioToolbox.framework; sourceTree = "<absolute>"; };
		E45BE9740E8CC7DD009D7055 /* Carbon.framework */ = {isa = PBXFileReference; lastKnownFileType = wrapper.framework; name = Carbon.framework; path = /System/Library/Frameworks/Carbon.framework; sourceTree = "<absolute>"; };
		E45BE9750E8CC7DD009D7055 /* CoreAudio.framework */ = {isa = PBXFileReference; lastKnownFileType = wrapper.framework; name = CoreAudio.framework; path = /System/Library/Frameworks/CoreAudio.framework; sourceTree = "<absolute>"; };
		E45BE9760E8CC7DD009D7055 /* CoreFoundation.framework */ = {isa = PBXFileReference; lastKnownFileType = wrapper.framework; name = CoreFoundation.framework; path = /System/Library/Frameworks/CoreFoundation.framework; sourceTree = "<absolute>"; };
		E45BE9770E8CC7DD009D7055 /* CoreServices.framework */ = {isa = PBXFileReference; lastKnownFileType = wrapper.framework; name = CoreServices.framework; path = /System/Library/Frameworks/CoreServices.framework; sourceTree = "<absolute>"; };
		E45BE9790E8CC7DD009D7055 /* OpenGL.framework */ = {isa = PBXFileReference; lastKnownFileType = wrapper.framework; name = OpenGL.framework; path = /System/Library/Frameworks/OpenGL.framework; sourceTree = "<absolute>"; };
		E45BE97A0E8CC7DD009D7055 /* QuickTime.framework */ = {isa = PBXFileReference; lastKnownFileType = wrapper.framework; name = QuickTime.framework; path = /System/Library/Frameworks/QuickTime.framework; sourceTree = "<absolute>"; };
		E4B69B5B0A3A1756003C02F2 /* openNISample007Debug.app */ = {isa = PBXFileReference; explicitFileType = wrapper.application; includeInIndex = 0; path = openNISample007Debug.app; sourceTree = BUILT_PRODUCTS_DIR; };
		E4B6FCAD0C3E899E008CF71C /* openFrameworks-Info.plist */ = {isa = PBXFileReference; fileEncoding = 30; lastKnownFileType = text.plist.xml; path = "openFrameworks-Info.plist"; sourceTree = "<group>"; };
		E4C2424410CC5A17004149E2 /* AppKit.framework */ = {isa = PBXFileReference; lastKnownFileType = wrapper.framework; name = AppKit.framework; path = /System/Library/Frameworks/AppKit.framework; sourceTree = "<absolute>"; };
		E4C2424510CC5A17004149E2 /* Cocoa.framework */ = {isa = PBXFileReference; lastKnownFileType = wrapper.framework; name = Cocoa.framework; path = /System/Library/Frameworks/Cocoa.framework; sourceTree = "<absolute>"; };
		E4C2424610CC5A17004149E2 /* IOKit.framework */ = {isa = PBXFileReference; lastKnownFileType = wrapper.framework; name = IOKit.framework; path = /System/Library/Frameworks/IOKit.framework; sourceTree = "<absolute>"; };
		E4EB691F138AFCF100A09F29 /* CoreOF.xcconfig */ = {isa = PBXFileReference; fileEncoding = 4; lastKnownFileType = text.xcconfig; name = CoreOF.xcconfig; path = ../../../libs/openFrameworksCompiled/project/osx/CoreOF.xcconfig; sourceTree = SOURCE_ROOT; };
		E4EB6923138AFD0F00A09F29 /* Project.xcconfig */ = {isa = PBXFileReference; fileEncoding = 4; lastKnownFileType = text.xcconfig; path = Project.xcconfig; sourceTree = "<group>"; };
/* End PBXFileReference section */

/* Begin PBXFrameworksBuildPhase section */
		E4B69B590A3A1756003C02F2 /* Frameworks */ = {
			isa = PBXFrameworksBuildPhase;
			buildActionMask = 2147483647;
			files = (
				8C9A63E9184E8CEB00C313E4 /* libXnVNite_1_5_2.dylib in Frameworks */,
				8C9A63E2184E8CEB00C313E4 /* libXnDDK.dylib in Frameworks */,
				E4EB6799138ADC1D00A09F29 /* GLUT.framework in Frameworks */,
				E4328149138ABC9F0047C5CB /* openFrameworksDebug.a in Frameworks */,
				E45BE97B0E8CC7DD009D7055 /* AGL.framework in Frameworks */,
				E45BE97C0E8CC7DD009D7055 /* ApplicationServices.framework in Frameworks */,
				E45BE97D0E8CC7DD009D7055 /* AudioToolbox.framework in Frameworks */,
				8C9A63DD184E8CEB00C313E4 /* libnimMockNodes.dylib in Frameworks */,
				E45BE97E0E8CC7DD009D7055 /* Carbon.framework in Frameworks */,
				8C9A63E8184E8CEB00C313E4 /* libXnVHandGenerator_1_5_2.dylib in Frameworks */,
				8C9A63E3184E8CEB00C313E4 /* libXnDeviceFile.dylib in Frameworks */,
				E45BE97F0E8CC7DD009D7055 /* CoreAudio.framework in Frameworks */,
				E45BE9800E8CC7DD009D7055 /* CoreFoundation.framework in Frameworks */,
				8C9A63E7184E8CEB00C313E4 /* libXnVFeatures_1_5_2.dylib in Frameworks */,
				8C9A63DE184E8CEB00C313E4 /* libnimRecorder.dylib in Frameworks */,
				E45BE9810E8CC7DD009D7055 /* CoreServices.framework in Frameworks */,
				8C9A63E1184E8CEB00C313E4 /* libXnCore.dylib in Frameworks */,
				E45BE9830E8CC7DD009D7055 /* OpenGL.framework in Frameworks */,
				E45BE9840E8CC7DD009D7055 /* QuickTime.framework in Frameworks */,
				8C9A63DF184E8CEB00C313E4 /* libOpenNI.dylib in Frameworks */,
				E4C2424710CC5A17004149E2 /* AppKit.framework in Frameworks */,
				E4C2424810CC5A17004149E2 /* Cocoa.framework in Frameworks */,
				8C9A63E4184E8CEB00C313E4 /* libXnDeviceSensorV2KM.dylib in Frameworks */,
				E4C2424910CC5A17004149E2 /* IOKit.framework in Frameworks */,
				8C9A63E5184E8CEB00C313E4 /* libXnFormats.dylib in Frameworks */,
				8C9A63E6184E8CEB00C313E4 /* libXnVCNITE_1_5_2.dylib in Frameworks */,
				8C9A63E0184E8CEB00C313E4 /* libusb-1.0.0.dylib in Frameworks */,
				8C9A63DC184E8CEB00C313E4 /* libnimCodecs.dylib in Frameworks */,
			);
			runOnlyForDeploymentPostprocessing = 0;
		};
/* End PBXFrameworksBuildPhase section */

/* Begin PBXGroup section */
		8C9A632E184E8CC200C313E4 /* ofxOpenNINew */ = {
			isa = PBXGroup;
			children = (
				8C9A6342184E8CEB00C313E4 /* include */,
				8C9A63CC184E8CEB00C313E4 /* lib */,
				8C9A632F184E8CC200C313E4 /* src */,
			);
			name = ofxOpenNINew;
			sourceTree = "<group>";
		};
		8C9A632F184E8CC200C313E4 /* src */ = {
			isa = PBXGroup;
			children = (
				8C9A6330184E8CC200C313E4 /* include */,
				8C9A633A184E8CC200C313E4 /* lib */,
				8C9A633B184E8CC200C313E4 /* ofxOpenNI.cpp */,
				8C9A633C184E8CC200C313E4 /* ofxOpenNI.h */,
				8C9A633D184E8CC200C313E4 /* ofxOpenNITypes.cpp */,
				8C9A633E184E8CC200C313E4 /* ofxOpenNITypes.h */,
				8C9A633F184E8CC200C313E4 /* ofxOpenNIUtils.h */,
			);
			name = src;
			path = ../../../addons/ofxOpenNINew/src;
			sourceTree = "<group>";
		};
		8C9A6330184E8CC200C313E4 /* include */ = {
			isa = PBXGroup;
			children = (
				8C9A6331184E8CC200C313E4 /* libusb */,
				8C9A6332184E8CC200C313E4 /* nite */,
				8C9A6333184E8CC200C313E4 /* openni */,
			);
			path = include;
			sourceTree = "<group>";
		};
		8C9A6331184E8CC200C313E4 /* libusb */ = {
			isa = PBXGroup;
			children = (
			);
			path = libusb;
			sourceTree = "<group>";
		};
		8C9A6332184E8CC200C313E4 /* nite */ = {
			isa = PBXGroup;
			children = (
			);
			path = nite;
			sourceTree = "<group>";
		};
		8C9A6333184E8CC200C313E4 /* openni */ = {
			isa = PBXGroup;
			children = (
				8C9A6334184E8CC200C313E4 /* Android-Arm */,
				8C9A6335184E8CC200C313E4 /* ARC */,
				8C9A6336184E8CC200C313E4 /* Linux-Arm */,
				8C9A6337184E8CC200C313E4 /* Linux-x86 */,
				8C9A6338184E8CC200C313E4 /* MacOSX */,
				8C9A6339184E8CC200C313E4 /* Win32 */,
			);
			path = openni;
			sourceTree = "<group>";
		};
		8C9A6334184E8CC200C313E4 /* Android-Arm */ = {
			isa = PBXGroup;
			children = (
			);
			path = "Android-Arm";
			sourceTree = "<group>";
		};
		8C9A6335184E8CC200C313E4 /* ARC */ = {
			isa = PBXGroup;
			children = (
			);
			path = ARC;
			sourceTree = "<group>";
		};
		8C9A6336184E8CC200C313E4 /* Linux-Arm */ = {
			isa = PBXGroup;
			children = (
			);
			path = "Linux-Arm";
			sourceTree = "<group>";
		};
		8C9A6337184E8CC200C313E4 /* Linux-x86 */ = {
			isa = PBXGroup;
			children = (
			);
			path = "Linux-x86";
			sourceTree = "<group>";
		};
		8C9A6338184E8CC200C313E4 /* MacOSX */ = {
			isa = PBXGroup;
			children = (
			);
			path = MacOSX;
			sourceTree = "<group>";
		};
		8C9A6339184E8CC200C313E4 /* Win32 */ = {
			isa = PBXGroup;
			children = (
			);
			path = Win32;
			sourceTree = "<group>";
		};
		8C9A633A184E8CC200C313E4 /* lib */ = {
			isa = PBXGroup;
			children = (
			);
			path = lib;
			sourceTree = "<group>";
		};
		8C9A6342184E8CEB00C313E4 /* include */ = {
			isa = PBXGroup;
			children = (
				8C9A6343184E8CEB00C313E4 /* libusb */,
				8C9A6345184E8CEB00C313E4 /* nite */,
				8C9A6383184E8CEB00C313E4 /* openni */,
			);
			name = include;
			path = ../../../addons/ofxOpenNINew/include;
			sourceTree = "<group>";
		};
		8C9A6343184E8CEB00C313E4 /* libusb */ = {
			isa = PBXGroup;
			children = (
				8C9A6344184E8CEB00C313E4 /* libusb.h */,
			);
			path = libusb;
			sourceTree = "<group>";
		};
		8C9A6345184E8CEB00C313E4 /* nite */ = {
			isa = PBXGroup;
			children = (
				8C9A6346184E8CEB00C313E4 /* XnCommon.h */,
				8C9A6347184E8CEB00C313E4 /* XnV3DVector.h */,
				8C9A6348184E8CEB00C313E4 /* XnVActivationMessage.h */,
				8C9A6349184E8CEB00C313E4 /* XnVBroadcaster.h */,
				8C9A634A184E8CEB00C313E4 /* XnVCCMessage.h */,
				8C9A634B184E8CEB00C313E4 /* XnVCircle.h */,
				8C9A634C184E8CEB00C313E4 /* XnVCircleDetector.h */,
				8C9A634D184E8CEB00C313E4 /* XnVClickableVirtualPlane.h */,
				8C9A634E184E8CEB00C313E4 /* XnVComplexMessage.h */,
				8C9A634F184E8CEB00C313E4 /* XnVDepthControl.h */,
				8C9A6350184E8CEB00C313E4 /* XnVDepthGenerator.h */,
				8C9A6351184E8CEB00C313E4 /* XnVDepthMessage.h */,
				8C9A6352184E8CEB00C313E4 /* XnVDeviceControl.h */,
				8C9A6353184E8CEB00C313E4 /* XnVDeviceFilter.h */,
				8C9A6354184E8CEB00C313E4 /* XnVDeviceGenerator.h */,
				8C9A6355184E8CEB00C313E4 /* XnVDeviceMessage.h */,
				8C9A6356184E8CEB00C313E4 /* XnVDirection.h */,
				8C9A6357184E8CEB00C313E4 /* XnVFilter.h */,
				8C9A6358184E8CEB00C313E4 /* XnVFlowRouter.h */,
				8C9A6359184E8CEB00C313E4 /* XnVGesture.h */,
				8C9A635A184E8CEB00C313E4 /* XnVHandle.h */,
				8C9A635B184E8CEB00C313E4 /* XnVHandPointContext.h */,
				8C9A635C184E8CEB00C313E4 /* XnVImageGenerator.h */,
				8C9A635D184E8CEB00C313E4 /* XnVImageMessage.h */,
				8C9A635E184E8CEB00C313E4 /* XnVMathCommon.h */,
				8C9A635F184E8CEB00C313E4 /* XnVMessage.h */,
				8C9A6360184E8CEB00C313E4 /* XnVMessageGenerator.h */,
				8C9A6361184E8CEB00C313E4 /* XnVMessageListener.h */,
				8C9A6362184E8CEB00C313E4 /* XnVMessageMux.h */,
				8C9A6363184E8CEB00C313E4 /* XnVMultiItemHysteresis1D.h */,
				8C9A6364184E8CEB00C313E4 /* XnVMultiItemHysteresis2D.h */,
				8C9A6365184E8CEB00C313E4 /* XnVMultipleHands.h */,
				8C9A6366184E8CEB00C313E4 /* XnVMultiProcessFlowClient.h */,
				8C9A6367184E8CEB00C313E4 /* XnVMultiProcessFlowServer.h */,
				8C9A6368184E8CEB00C313E4 /* XnVNite.h */,
				8C9A6369184E8CEB00C313E4 /* XnVNiteControls.h */,
				8C9A636A184E8CEB00C313E4 /* XnVNiteDefs.h */,
				8C9A636B184E8CEB00C313E4 /* XnVNiteFramework.h */,
				8C9A636C184E8CEB00C313E4 /* XnVNiteLog.h */,
				8C9A636D184E8CEB00C313E4 /* XnVNiteStatus.h */,
				8C9A636E184E8CEB00C313E4 /* XnVNiteVersion.h */,
				8C9A636F184E8CEB00C313E4 /* XnVPointArea.h */,
				8C9A6370184E8CEB00C313E4 /* XnVPointControl.h */,
				8C9A6371184E8CEB00C313E4 /* XnVPointDenoiser.h */,
				8C9A6372184E8CEB00C313E4 /* XnVPointFilter.h */,
				8C9A6373184E8CEB00C313E4 /* XnVPointMessage.h */,
				8C9A6374184E8CEB00C313E4 /* XnVPointTracker.h */,
				8C9A6375184E8CEB00C313E4 /* XnVPushDetector.h */,
				8C9A6376184E8CEB00C313E4 /* XnVSelectableSlider1D.h */,
				8C9A6377184E8CEB00C313E4 /* XnVSelectableSlider2D.h */,
				8C9A6378184E8CEB00C313E4 /* XnVSessionGenerator.h */,
				8C9A6379184E8CEB00C313E4 /* XnVSessionListener.h */,
				8C9A637A184E8CEB00C313E4 /* XnVSessionManager.h */,
				8C9A637B184E8CEB00C313E4 /* XnVSessionMessage.h */,
				8C9A637C184E8CEB00C313E4 /* XnVSlider1D.h */,
				8C9A637D184E8CEB00C313E4 /* XnVSlider2D.h */,
				8C9A637E184E8CEB00C313E4 /* XnVSlider3D.h */,
				8C9A637F184E8CEB00C313E4 /* XnVSteadyDetector.h */,
				8C9A6380184E8CEB00C313E4 /* XnVSwipeDetector.h */,
				8C9A6381184E8CEB00C313E4 /* XnVVirtualCoordinates.h */,
				8C9A6382184E8CEB00C313E4 /* XnVWaveDetector.h */,
			);
			path = nite;
			sourceTree = "<group>";
		};
		8C9A6383184E8CEB00C313E4 /* openni */ = {
			isa = PBXGroup;
			children = (
				8C9A6384184E8CEB00C313E4 /* Android-Arm */,
				8C9A6386184E8CEB00C313E4 /* ARC */,
				8C9A6389184E8CEB00C313E4 /* IXnNodeAllocator.h */,
				8C9A638A184E8CEB00C313E4 /* Linux-Arm */,
				8C9A638C184E8CEB00C313E4 /* Linux-x86 */,
				8C9A638F184E8CEB00C313E4 /* MacOSX */,
				8C9A6391184E8CEB00C313E4 /* Win32 */,
				8C9A6395184E8CEB00C313E4 /* XnAlgorithms.h */,
				8C9A6396184E8CEB00C313E4 /* XnArray.h */,
				8C9A6397184E8CEB00C313E4 /* XnBaseNode.h */,
				8C9A6398184E8CEB00C313E4 /* XnBitSet.h */,
				8C9A6399184E8CEB00C313E4 /* XnCallback.h */,
				8C9A639A184E8CEB00C313E4 /* XnCodecIDs.h */,
				8C9A639B184E8CEB00C313E4 /* XnContext.h */,
				8C9A639C184E8CEB00C313E4 /* XnCppWrapper.h */,
				8C9A639D184E8CEB00C313E4 /* XnDataTypes.h */,
				8C9A639E184E8CEB00C313E4 /* XnDerivedCast.h */,
				8C9A639F184E8CEB00C313E4 /* XnDump.h */,
				8C9A63A0184E8CEB00C313E4 /* XnDumpWriters.h */,
				8C9A63A1184E8CEB00C313E4 /* XnEnumerationErrors.h */,
				8C9A63A2184E8CEB00C313E4 /* XnEvent.h */,
				8C9A63A3184E8CEB00C313E4 /* XnFPSCalculator.h */,
				8C9A63A4184E8CEB00C313E4 /* XnGeneralBuffer.h */,
				8C9A63A5184E8CEB00C313E4 /* XnHash.h */,
				8C9A63A6184E8CEB00C313E4 /* XnInternalDefs.h */,
				8C9A63A7184E8CEB00C313E4 /* XnLicensing.h */,
				8C9A63A8184E8CEB00C313E4 /* XnList.h */,
				8C9A63A9184E8CEB00C313E4 /* XnLog.h */,
				8C9A63AA184E8CEB00C313E4 /* XnLogTypes.h */,
				8C9A63AB184E8CEB00C313E4 /* XnLogWriterBase.h */,
				8C9A63AC184E8CEB00C313E4 /* XnMacros.h */,
				8C9A63AD184E8CEB00C313E4 /* XnModuleCFunctions.h */,
				8C9A63AE184E8CEB00C313E4 /* XnModuleCppInterface.h */,
				8C9A63AF184E8CEB00C313E4 /* XnModuleCppRegistratration.h */,
				8C9A63B0184E8CEB00C313E4 /* XnModuleInterface.h */,
				8C9A63B1184E8CEB00C313E4 /* XnNode.h */,
				8C9A63B2184E8CEB00C313E4 /* XnNodeAllocator.h */,
				8C9A63B3184E8CEB00C313E4 /* XnOpenNI.h */,
				8C9A63B4184E8CEB00C313E4 /* XnOS.h */,
				8C9A63B5184E8CEB00C313E4 /* XnOSCpp.h */,
				8C9A63B6184E8CEB00C313E4 /* XnOSMemory.h */,
				8C9A63B7184E8CEB00C313E4 /* XnOSStrings.h */,
				8C9A63B8184E8CEB00C313E4 /* XnPlatform.h */,
				8C9A63B9184E8CEB00C313E4 /* XnPrdNode.h */,
				8C9A63BA184E8CEB00C313E4 /* XnPrdNodeInfo.h */,
				8C9A63BB184E8CEB00C313E4 /* XnPrdNodeInfoList.h */,
				8C9A63BC184E8CEB00C313E4 /* XnProfiling.h */,
				8C9A63BD184E8CEB00C313E4 /* XnPropNames.h */,
				8C9A63BE184E8CEB00C313E4 /* XnQueries.h */,
				8C9A63BF184E8CEB00C313E4 /* XnQueue.h */,
				8C9A63C0184E8CEB00C313E4 /* XnScheduler.h */,
				8C9A63C1184E8CEB00C313E4 /* XnStack.h */,
				8C9A63C2184E8CEB00C313E4 /* XnStatus.h */,
				8C9A63C3184E8CEB00C313E4 /* XnStatusCodes.h */,
				8C9A63C4184E8CEB00C313E4 /* XnStatusRegister.h */,
				8C9A63C5184E8CEB00C313E4 /* XnStringsHash.h */,
				8C9A63C6184E8CEB00C313E4 /* XnThreadSafeQueue.h */,
				8C9A63C7184E8CEB00C313E4 /* XnTypes.h */,
				8C9A63C8184E8CEB00C313E4 /* XnUSB.h */,
				8C9A63C9184E8CEB00C313E4 /* XnUSBDevice.h */,
				8C9A63CA184E8CEB00C313E4 /* XnUtils.h */,
				8C9A63CB184E8CEB00C313E4 /* XnVersion.h */,
			);
			path = openni;
			sourceTree = "<group>";
		};
		8C9A6384184E8CEB00C313E4 /* Android-Arm */ = {
			isa = PBXGroup;
			children = (
				8C9A6385184E8CEB00C313E4 /* XnPlatformAndroid-Arm.h */,
			);
			path = "Android-Arm";
			sourceTree = "<group>";
		};
		8C9A6386184E8CEB00C313E4 /* ARC */ = {
			isa = PBXGroup;
			children = (
				8C9A6387184E8CEB00C313E4 /* XnOSARC.h */,
				8C9A6388184E8CEB00C313E4 /* XnPlatformARC.h */,
			);
			path = ARC;
			sourceTree = "<group>";
		};
		8C9A638A184E8CEB00C313E4 /* Linux-Arm */ = {
			isa = PBXGroup;
			children = (
				8C9A638B184E8CEB00C313E4 /* XnPlatformLinux-Arm.h */,
			);
			path = "Linux-Arm";
			sourceTree = "<group>";
		};
		8C9A638C184E8CEB00C313E4 /* Linux-x86 */ = {
			isa = PBXGroup;
			children = (
				8C9A638D184E8CEB00C313E4 /* XnOSLinux-x86.h */,
				8C9A638E184E8CEB00C313E4 /* XnPlatformLinux-x86.h */,
			);
			path = "Linux-x86";
			sourceTree = "<group>";
		};
		8C9A638F184E8CEB00C313E4 /* MacOSX */ = {
			isa = PBXGroup;
			children = (
				8C9A6390184E8CEB00C313E4 /* XnPlatformMacOSX.h */,
			);
			path = MacOSX;
			sourceTree = "<group>";
		};
		8C9A6391184E8CEB00C313E4 /* Win32 */ = {
			isa = PBXGroup;
			children = (
				8C9A6392184E8CEB00C313E4 /* usb100.h */,
				8C9A6393184E8CEB00C313E4 /* XnOSWin32.h */,
				8C9A6394184E8CEB00C313E4 /* XnPlatformWin32.h */,
			);
			path = Win32;
			sourceTree = "<group>";
		};
		8C9A63CC184E8CEB00C313E4 /* lib */ = {
			isa = PBXGroup;
			children = (
				8C9A63CD184E8CEB00C313E4 /* change_exec_paths.sh */,
				8C9A63CE184E8CEB00C313E4 /* libnimCodecs.dylib */,
				8C9A63CF184E8CEB00C313E4 /* libnimMockNodes.dylib */,
				8C9A63D0184E8CEB00C313E4 /* libnimRecorder.dylib */,
				8C9A63D1184E8CEB00C313E4 /* libOpenNI.dylib */,
				8C9A63D2184E8CEB00C313E4 /* libusb-1.0.0.dylib */,
				8C9A63D3184E8CEB00C313E4 /* libXnCore.dylib */,
				8C9A63D4184E8CEB00C313E4 /* libXnDDK.dylib */,
				8C9A63D5184E8CEB00C313E4 /* libXnDeviceFile.dylib */,
				8C9A63D6184E8CEB00C313E4 /* libXnDeviceSensorV2KM.dylib */,
				8C9A63D7184E8CEB00C313E4 /* libXnFormats.dylib */,
				8C9A63D8184E8CEB00C313E4 /* libXnVCNITE_1_5_2.dylib */,
				8C9A63D9184E8CEB00C313E4 /* libXnVFeatures_1_5_2.dylib */,
				8C9A63DA184E8CEB00C313E4 /* libXnVHandGenerator_1_5_2.dylib */,
				8C9A63DB184E8CEB00C313E4 /* libXnVNite_1_5_2.dylib */,
			);
			name = lib;
			path = ../../../addons/ofxOpenNINew/lib;
			sourceTree = "<group>";
		};
		BB4B014C10F69532006C3DED /* addons */ = {
			isa = PBXGroup;
			children = (
				8C9A632E184E8CC200C313E4 /* ofxOpenNINew */,
			);
			name = addons;
			sourceTree = "<group>";
		};
		BBAB23C913894ECA00AA2426 /* system frameworks */ = {
			isa = PBXGroup;
			children = (
				E4C2424410CC5A17004149E2 /* AppKit.framework */,
				E4C2424510CC5A17004149E2 /* Cocoa.framework */,
				E4C2424610CC5A17004149E2 /* IOKit.framework */,
				E45BE9710E8CC7DD009D7055 /* AGL.framework */,
				E45BE9720E8CC7DD009D7055 /* ApplicationServices.framework */,
				E45BE9730E8CC7DD009D7055 /* AudioToolbox.framework */,
				E45BE9740E8CC7DD009D7055 /* Carbon.framework */,
				E45BE9750E8CC7DD009D7055 /* CoreAudio.framework */,
				E45BE9760E8CC7DD009D7055 /* CoreFoundation.framework */,
				E45BE9770E8CC7DD009D7055 /* CoreServices.framework */,
				E45BE9790E8CC7DD009D7055 /* OpenGL.framework */,
				E45BE97A0E8CC7DD009D7055 /* QuickTime.framework */,
			);
			name = "system frameworks";
			sourceTree = "<group>";
		};
		BBAB23CA13894EDB00AA2426 /* 3rd party frameworks */ = {
			isa = PBXGroup;
			children = (
				BBAB23BE13894E4700AA2426 /* GLUT.framework */,
			);
			name = "3rd party frameworks";
			sourceTree = "<group>";
		};
		E4328144138ABC890047C5CB /* Products */ = {
			isa = PBXGroup;
			children = (
				E4328148138ABC890047C5CB /* openFrameworksDebug.a */,
			);
			name = Products;
			sourceTree = "<group>";
		};
		E45BE5980E8CC70C009D7055 /* frameworks */ = {
			isa = PBXGroup;
			children = (
				BBAB23CA13894EDB00AA2426 /* 3rd party frameworks */,
				BBAB23C913894ECA00AA2426 /* system frameworks */,
			);
			name = frameworks;
			sourceTree = "<group>";
		};
		E4B69B4A0A3A1720003C02F2 = {
			isa = PBXGroup;
			children = (
				E4B69E1C0A3A1BDC003C02F2 /* src */,
				E4EEC9E9138DF44700A80321 /* openFrameworks */,
				BB4B014C10F69532006C3DED /* addons */,
				E45BE5980E8CC70C009D7055 /* frameworks */,
				E4B69B5B0A3A1756003C02F2 /* openNISample007Debug.app */,
			);
			sourceTree = "<group>";
		};
		E4B69E1C0A3A1BDC003C02F2 /* src */ = {
			isa = PBXGroup;
			children = (
				7704EC2514C7066A001AF021 /* main.cpp */,
				7704EC2114C70657001AF021 /* testApp.cpp */,
				7704EC2214C70657001AF021 /* testApp.h */,
			);
			path = src;
			sourceTree = SOURCE_ROOT;
		};
		E4EEC9E9138DF44700A80321 /* openFrameworks */ = {
			isa = PBXGroup;
			children = (
				E4EB6923138AFD0F00A09F29 /* Project.xcconfig */,
				E4EB691F138AFCF100A09F29 /* CoreOF.xcconfig */,
				E4328143138ABC890047C5CB /* openFrameworksLib.xcodeproj */,
				E4B6FCAD0C3E899E008CF71C /* openFrameworks-Info.plist */,
			);
			name = openFrameworks;
			sourceTree = "<group>";
		};
/* End PBXGroup section */

/* Begin PBXNativeTarget section */
		E4B69B5A0A3A1756003C02F2 /* openNISample007 */ = {
			isa = PBXNativeTarget;
			buildConfigurationList = E4B69B5F0A3A1757003C02F2 /* Build configuration list for PBXNativeTarget "openNISample007" */;
			buildPhases = (
				E4B69B580A3A1756003C02F2 /* Sources */,
				E4B69B590A3A1756003C02F2 /* Frameworks */,
				E4B6FFFD0C3F9AB9008CF71C /* ShellScript */,
				E4C2427710CC5ABF004149E2 /* CopyFiles */,
			);
			buildRules = (
			);
			dependencies = (
				E4EEB9AC138B136A00A80321 /* PBXTargetDependency */,
			);
			name = openNISample007;
			productName = myOFApp;
			productReference = E4B69B5B0A3A1756003C02F2 /* openNISample007Debug.app */;
			productType = "com.apple.product-type.application";
		};
/* End PBXNativeTarget section */

/* Begin PBXProject section */
		E4B69B4C0A3A1720003C02F2 /* Project object */ = {
			isa = PBXProject;
			attributes = {
			};
			buildConfigurationList = E4B69B4D0A3A1720003C02F2 /* Build configuration list for PBXProject "openNiSample007" */;
			compatibilityVersion = "Xcode 2.4";
			developmentRegion = English;
			hasScannedForEncodings = 0;
			knownRegions = (
				English,
				Japanese,
				French,
				German,
			);
			mainGroup = E4B69B4A0A3A1720003C02F2;
			productRefGroup = E4B69B4A0A3A1720003C02F2;
			projectDirPath = "";
			projectReferences = (
				{
					ProductGroup = E4328144138ABC890047C5CB /* Products */;
					ProjectRef = E4328143138ABC890047C5CB /* openFrameworksLib.xcodeproj */;
				},
			);
			projectRoot = "";
			targets = (
				E4B69B5A0A3A1756003C02F2 /* openNISample007 */,
			);
		};
/* End PBXProject section */

/* Begin PBXReferenceProxy section */
		E4328148138ABC890047C5CB /* openFrameworksDebug.a */ = {
			isa = PBXReferenceProxy;
			fileType = archive.ar;
			path = openFrameworksDebug.a;
			remoteRef = E4328147138ABC890047C5CB /* PBXContainerItemProxy */;
			sourceTree = BUILT_PRODUCTS_DIR;
		};
/* End PBXReferenceProxy section */

/* Begin PBXShellScriptBuildPhase section */
		E4B6FFFD0C3F9AB9008CF71C /* ShellScript */ = {
			isa = PBXShellScriptBuildPhase;
			buildActionMask = 2147483647;
			files = (
			);
			inputPaths = (
			);
			outputPaths = (
			);
			runOnlyForDeploymentPostprocessing = 0;
			shellPath = /bin/sh;
			shellScript = "cp -f ../../../libs/fmodex/lib/osx/libfmodex.dylib \"$TARGET_BUILD_DIR/$PRODUCT_NAME.app/Contents/MacOS/libfmodex.dylib\"; install_name_tool -change ./libfmodex.dylib @executable_path/libfmodex.dylib \"$TARGET_BUILD_DIR/$PRODUCT_NAME.app/Contents/MacOS/$PRODUCT_NAME\";";
		};
/* End PBXShellScriptBuildPhase section */

/* Begin PBXSourcesBuildPhase section */
		E4B69B580A3A1756003C02F2 /* Sources */ = {
			isa = PBXSourcesBuildPhase;
			buildActionMask = 2147483647;
			files = (
				8C9A6340184E8CC200C313E4 /* ofxOpenNI.cpp in Sources */,
				7704EC2414C70657001AF021 /* testApp.cpp in Sources */,
				8C9A6341184E8CC200C313E4 /* ofxOpenNITypes.cpp in Sources */,
				7704EC2614C7066A001AF021 /* main.cpp in Sources */,
			);
			runOnlyForDeploymentPostprocessing = 0;
		};
/* End PBXSourcesBuildPhase section */

/* Begin PBXTargetDependency section */
		E4EEB9AC138B136A00A80321 /* PBXTargetDependency */ = {
			isa = PBXTargetDependency;
			name = openFrameworks;
			targetProxy = E4EEB9AB138B136A00A80321 /* PBXContainerItemProxy */;
		};
/* End PBXTargetDependency section */

/* Begin XCBuildConfiguration section */
		E4B69B4E0A3A1720003C02F2 /* Debug */ = {
			isa = XCBuildConfiguration;
			baseConfigurationReference = E4EB6923138AFD0F00A09F29 /* Project.xcconfig */;
			buildSettings = {
				ARCHS = "$(NATIVE_ARCH)";
				CONFIGURATION_BUILD_DIR = "$(SRCROOT)/bin/";
				COPY_PHASE_STRIP = NO;
				DEAD_CODE_STRIPPING = YES;
				GCC_AUTO_VECTORIZATION = YES;
				GCC_ENABLE_SSE3_EXTENSIONS = YES;
				GCC_ENABLE_SUPPLEMENTAL_SSE3_INSTRUCTIONS = YES;
				GCC_INLINES_ARE_PRIVATE_EXTERN = NO;
				GCC_MODEL_TUNING = G5;
				GCC_SYMBOLS_PRIVATE_EXTERN = NO;
				GCC_WARN_ABOUT_DEPRECATED_FUNCTIONS = NO;
				GCC_WARN_ABOUT_INVALID_OFFSETOF_MACRO = NO;
				GCC_WARN_ALLOW_INCOMPLETE_PROTOCOL = NO;
				GCC_WARN_UNINITIALIZED_AUTOS = NO;
				GCC_WARN_UNUSED_VALUE = NO;
				GCC_WARN_UNUSED_VARIABLE = NO;
				OTHER_CPLUSPLUSFLAGS = (
					"-D__MACOSX_CORE__",
					"-lpthread",
				);
				SDKROOT = "";
			};
			name = Debug;
		};
		E4B69B4F0A3A1720003C02F2 /* Release */ = {
			isa = XCBuildConfiguration;
			baseConfigurationReference = E4EB6923138AFD0F00A09F29 /* Project.xcconfig */;
			buildSettings = {
				ARCHS = "$(NATIVE_ARCH)";
				CONFIGURATION_BUILD_DIR = "$(SRCROOT)/bin/";
				COPY_PHASE_STRIP = YES;
				DEAD_CODE_STRIPPING = YES;
				GCC_AUTO_VECTORIZATION = YES;
				GCC_ENABLE_SSE3_EXTENSIONS = YES;
				GCC_ENABLE_SUPPLEMENTAL_SSE3_INSTRUCTIONS = YES;
				GCC_INLINES_ARE_PRIVATE_EXTERN = NO;
				GCC_MODEL_TUNING = G5;
				GCC_OPTIMIZATION_LEVEL = 3;
				GCC_SYMBOLS_PRIVATE_EXTERN = NO;
				GCC_UNROLL_LOOPS = YES;
				GCC_WARN_ABOUT_DEPRECATED_FUNCTIONS = NO;
				GCC_WARN_ABOUT_INVALID_OFFSETOF_MACRO = NO;
				GCC_WARN_ALLOW_INCOMPLETE_PROTOCOL = NO;
				GCC_WARN_UNINITIALIZED_AUTOS = NO;
				GCC_WARN_UNUSED_VALUE = NO;
				GCC_WARN_UNUSED_VARIABLE = NO;
				OTHER_CPLUSPLUSFLAGS = (
					"-D__MACOSX_CORE__",
					"-lpthread",
				);
				SDKROOT = "";
			};
			name = Release;
		};
		E4B69B600A3A1757003C02F2 /* Debug */ = {
			isa = XCBuildConfiguration;
			buildSettings = {
				COPY_PHASE_STRIP = NO;
				FRAMEWORK_SEARCH_PATHS = (
					"$(inherited)",
					"$(FRAMEWORK_SEARCH_PATHS_QUOTED_FOR_TARGET_1)",
				);
				FRAMEWORK_SEARCH_PATHS_QUOTED_FOR_TARGET_1 = "\"$(SRCROOT)/../../../libs/glut/lib/osx\"";
				GCC_DYNAMIC_NO_PIC = NO;
				GCC_ENABLE_FIX_AND_CONTINUE = YES;
				GCC_GENERATE_DEBUGGING_SYMBOLS = YES;
				GCC_MODEL_TUNING = G4;
				GCC_PRECOMPILE_PREFIX_HEADER = YES;
				GCC_PREFIX_HEADER = "$(SYSTEM_LIBRARY_DIR)/Frameworks/Carbon.framework/Headers/Carbon.h";
				INFOPLIST_FILE = "openFrameworks-Info.plist";
				INSTALL_PATH = "$(HOME)/Applications";
				LIBRARY_SEARCH_PATHS = (
					"$(inherited)",
					"$(LIBRARY_SEARCH_PATHS_QUOTED_FOR_TARGET_1)",
					"$(LIBRARY_SEARCH_PATHS_QUOTED_FOR_TARGET_2)",
					"$(LIBRARY_SEARCH_PATHS_QUOTED_FOR_TARGET_3)",
					"$(LIBRARY_SEARCH_PATHS_QUOTED_FOR_TARGET_4)",
					"$(LIBRARY_SEARCH_PATHS_QUOTED_FOR_TARGET_5)",
					"$(LIBRARY_SEARCH_PATHS_QUOTED_FOR_TARGET_6)",
					"$(LIBRARY_SEARCH_PATHS_QUOTED_FOR_TARGET_7)",
					"$(LIBRARY_SEARCH_PATHS_QUOTED_FOR_TARGET_8)",
					"$(LIBRARY_SEARCH_PATHS_QUOTED_FOR_TARGET_9)",
					"$(LIBRARY_SEARCH_PATHS_QUOTED_FOR_TARGET_10)",
					"$(LIBRARY_SEARCH_PATHS_QUOTED_FOR_TARGET_11)",
					"$(LIBRARY_SEARCH_PATHS_QUOTED_FOR_TARGET_12)",
					"$(LIBRARY_SEARCH_PATHS_QUOTED_FOR_TARGET_13)",
					"$(LIBRARY_SEARCH_PATHS_QUOTED_FOR_TARGET_14)",
					"$(LIBRARY_SEARCH_PATHS_QUOTED_FOR_TARGET_15)",
					"$(LIBRARY_SEARCH_PATHS_QUOTED_FOR_TARGET_2)",
					"$(LIBRARY_SEARCH_PATHS_QUOTED_FOR_TARGET_3)",
					"$(LIBRARY_SEARCH_PATHS_QUOTED_FOR_TARGET_7)",
					"$(LIBRARY_SEARCH_PATHS_QUOTED_FOR_TARGET_8)",
					"$(LIBRARY_SEARCH_PATHS_QUOTED_FOR_TARGET_9)",
					"$(LIBRARY_SEARCH_PATHS_QUOTED_FOR_TARGET_10)",
					"$(LIBRARY_SEARCH_PATHS_QUOTED_FOR_TARGET_11)",
					"$(LIBRARY_SEARCH_PATHS_QUOTED_FOR_TARGET_12)",
					"$(LIBRARY_SEARCH_PATHS_QUOTED_FOR_TARGET_13)",
					"$(LIBRARY_SEARCH_PATHS_QUOTED_FOR_TARGET_16)",
					"$(LIBRARY_SEARCH_PATHS_QUOTED_FOR_TARGET_17)",
					"$(LIBRARY_SEARCH_PATHS_QUOTED_FOR_TARGET_18)",
					"$(LIBRARY_SEARCH_PATHS_QUOTED_FOR_TARGET_19)",
					"$(LIBRARY_SEARCH_PATHS_QUOTED_FOR_TARGET_20)",
					"$(LIBRARY_SEARCH_PATHS_QUOTED_FOR_TARGET_21)",
					"$(LIBRARY_SEARCH_PATHS_QUOTED_FOR_TARGET_22)",
					"$(LIBRARY_SEARCH_PATHS_QUOTED_FOR_TARGET_23)",
					"$(LIBRARY_SEARCH_PATHS_QUOTED_FOR_TARGET_24)",
					"$(LIBRARY_SEARCH_PATHS_QUOTED_FOR_TARGET_25)",
					"$(LIBRARY_SEARCH_PATHS_QUOTED_FOR_TARGET_26)",
					"$(LIBRARY_SEARCH_PATHS_QUOTED_FOR_TARGET_27)",
					"$(LIBRARY_SEARCH_PATHS_QUOTED_FOR_TARGET_28)",
					"$(LIBRARY_SEARCH_PATHS_QUOTED_FOR_TARGET_29)",
					"$(LIBRARY_SEARCH_PATHS_QUOTED_FOR_TARGET_30)",
					"$(LIBRARY_SEARCH_PATHS_QUOTED_FOR_TARGET_31)",
					"$(LIBRARY_SEARCH_PATHS_QUOTED_FOR_TARGET_32)",
					"$(LIBRARY_SEARCH_PATHS_QUOTED_FOR_TARGET_33)",
					"$(LIBRARY_SEARCH_PATHS_QUOTED_FOR_TARGET_34)",
					"$(LIBRARY_SEARCH_PATHS_QUOTED_FOR_TARGET_35)",
					"$(LIBRARY_SEARCH_PATHS_QUOTED_FOR_TARGET_36)",
					"$(LIBRARY_SEARCH_PATHS_QUOTED_FOR_TARGET_37)",
					"$(LIBRARY_SEARCH_PATHS_QUOTED_FOR_TARGET_38)",
					"$(LIBRARY_SEARCH_PATHS_QUOTED_FOR_TARGET_39)",
					"$(LIBRARY_SEARCH_PATHS_QUOTED_FOR_TARGET_40)",
					"$(LIBRARY_SEARCH_PATHS_QUOTED_FOR_TARGET_41)",
					"$(LIBRARY_SEARCH_PATHS_QUOTED_FOR_TARGET_42)",
					"$(LIBRARY_SEARCH_PATHS_QUOTED_FOR_TARGET_43)",
					"$(LIBRARY_SEARCH_PATHS_QUOTED_FOR_TARGET_44)",
					"$(LIBRARY_SEARCH_PATHS_QUOTED_FOR_TARGET_45)",
					"$(LIBRARY_SEARCH_PATHS_QUOTED_FOR_TARGET_46)",
					"$(LIBRARY_SEARCH_PATHS_QUOTED_FOR_TARGET_47)",
					"$(LIBRARY_SEARCH_PATHS_QUOTED_FOR_TARGET_48)",
					"$(LIBRARY_SEARCH_PATHS_QUOTED_FOR_TARGET_49)",
					"$(LIBRARY_SEARCH_PATHS_QUOTED_FOR_TARGET_50)",
					"$(LIBRARY_SEARCH_PATHS_QUOTED_FOR_TARGET_51)",
					"$(LIBRARY_SEARCH_PATHS_QUOTED_FOR_TARGET_52)",
					"$(LIBRARY_SEARCH_PATHS_QUOTED_FOR_TARGET_1)",
					"$(LIBRARY_SEARCH_PATHS_QUOTED_FOR_TARGET_2)",
					"$(LIBRARY_SEARCH_PATHS_QUOTED_FOR_TARGET_3)",
					"$(LIBRARY_SEARCH_PATHS_QUOTED_FOR_TARGET_4)",
					"$(LIBRARY_SEARCH_PATHS_QUOTED_FOR_TARGET_5)",
					"$(LIBRARY_SEARCH_PATHS_QUOTED_FOR_TARGET_6)",
					"$(LIBRARY_SEARCH_PATHS_QUOTED_FOR_TARGET_7)",
					"$(LIBRARY_SEARCH_PATHS_QUOTED_FOR_TARGET_8)",
					"$(LIBRARY_SEARCH_PATHS_QUOTED_FOR_TARGET_9)",
					"$(LIBRARY_SEARCH_PATHS_QUOTED_FOR_TARGET_10)",
					/Users/Nori/Documents/oF008/apps/FlyOntheWall2/SkeltonTracking_receiver/ofxLibwebsockets/libs/libwebsockets/lib/linux64,
					/Users/Nori/Documents/oF008/apps/FlyOntheWall2/SkeltonTracking_receiver/ofxLibwebsockets/libs/libwebsockets/lib/linuxarmv6l,
					/Users/Nori/Documents/oF008/apps/FlyOntheWall2/SkeltonTracking_receiver/ofxLibwebsockets/libs/libwebsockets/lib/osx,
					/Users/Nori/Documents/oF008/apps/FlyOntheWall2/SkeltonTracking_receiver/ofxLibwebsockets/libs/libwebsockets/lib/win32/Debug,
					/Users/Nori/Documents/oF008/apps/FlyOntheWall2/SkeltonTracking_receiver/ofxLibwebsockets/libs/libwebsockets/lib/win32/Release,
					/Users/Nori/Documents/oF008/apps/FlyOntheWall2/SkeltonTracking_receiver/ofxLibwebsockets/libs/openssl/lib/osx,
					/Users/Nori/Documents/oF008/apps/FlyOntheWall2/SkeltonTracking_receiver/ofxLibwebsockets/libs/openssl/lib/win32,
					/Users/Nori/Documents/oF008/addons/ofxOpenNINew/lib,
				);
				LIBRARY_SEARCH_PATHS_QUOTED_FOR_TARGET_1 = "\"$(SRCROOT)/../../../addons/ofxOpenCv/libs/opencv/lib/android/armeabi\"";
				LIBRARY_SEARCH_PATHS_QUOTED_FOR_TARGET_10 = "\"$(SRCROOT)/bin/data/openni/lib\"";
				LIBRARY_SEARCH_PATHS_QUOTED_FOR_TARGET_2 = "\"$(SRCROOT)/../../../addons/ofxOpenCv/libs/opencv/lib/android/armeabi-v7a\"";
				LIBRARY_SEARCH_PATHS_QUOTED_FOR_TARGET_3 = "\"$(SRCROOT)/../../../addons/ofxOpenCv/libs/opencv/lib/iphone\"";
				LIBRARY_SEARCH_PATHS_QUOTED_FOR_TARGET_4 = "\"$(SRCROOT)/../../../addons/ofxOpenCv/libs/opencv/lib/linux\"";
				LIBRARY_SEARCH_PATHS_QUOTED_FOR_TARGET_5 = "\"$(SRCROOT)/../../../addons/ofxOpenCv/libs/opencv/lib/linux64\"";
				LIBRARY_SEARCH_PATHS_QUOTED_FOR_TARGET_6 = "\"$(SRCROOT)/../../../addons/ofxOpenCv/libs/opencv/lib/osx\"";
				LIBRARY_SEARCH_PATHS_QUOTED_FOR_TARGET_7 = "\"$(SRCROOT)/../../../addons/ofxOpenCv/libs/opencv/lib/vs2010\"";
				LIBRARY_SEARCH_PATHS_QUOTED_FOR_TARGET_8 = "\"$(SRCROOT)/../../../addons/ofxOpenCv/libs/opencv/lib/win_cb\"";
				LIBRARY_SEARCH_PATHS_QUOTED_FOR_TARGET_9 = "\"$(SRCROOT)/bin/data/openni/lib\"";
				OSC_HEADER = "\"$(OF_PATH)/addons/ofxOsc/libs/oscpack/src\"";
				PREBINDING = NO;
				PRODUCT_NAME = "$(TARGET_NAME)Debug";
				SDKROOT = macosx10.8;
				WRAPPER_EXTENSION = app;
			};
			name = Debug;
		};
		E4B69B610A3A1757003C02F2 /* Release */ = {
			isa = XCBuildConfiguration;
			buildSettings = {
				COPY_PHASE_STRIP = YES;
				FRAMEWORK_SEARCH_PATHS = (
					"$(inherited)",
					"$(FRAMEWORK_SEARCH_PATHS_QUOTED_FOR_TARGET_1)",
				);
				FRAMEWORK_SEARCH_PATHS_QUOTED_FOR_TARGET_1 = "\"$(SRCROOT)/../../../libs/glut/lib/osx\"";
				GCC_ENABLE_FIX_AND_CONTINUE = NO;
				GCC_GENERATE_DEBUGGING_SYMBOLS = NO;
				GCC_MODEL_TUNING = G4;
				GCC_PRECOMPILE_PREFIX_HEADER = YES;
				GCC_PREFIX_HEADER = "$(SYSTEM_LIBRARY_DIR)/Frameworks/Carbon.framework/Headers/Carbon.h";
				INFOPLIST_FILE = "openFrameworks-Info.plist";
				INSTALL_PATH = "$(HOME)/Applications";
				LIBRARY_SEARCH_PATHS = (
					"$(inherited)",
					"$(LIBRARY_SEARCH_PATHS_QUOTED_FOR_TARGET_1)",
					"$(LIBRARY_SEARCH_PATHS_QUOTED_FOR_TARGET_2)",
					"$(LIBRARY_SEARCH_PATHS_QUOTED_FOR_TARGET_3)",
					"$(LIBRARY_SEARCH_PATHS_QUOTED_FOR_TARGET_4)",
					"$(LIBRARY_SEARCH_PATHS_QUOTED_FOR_TARGET_5)",
					"$(LIBRARY_SEARCH_PATHS_QUOTED_FOR_TARGET_6)",
					"$(LIBRARY_SEARCH_PATHS_QUOTED_FOR_TARGET_7)",
					"$(LIBRARY_SEARCH_PATHS_QUOTED_FOR_TARGET_8)",
					"$(LIBRARY_SEARCH_PATHS_QUOTED_FOR_TARGET_9)",
					"$(LIBRARY_SEARCH_PATHS_QUOTED_FOR_TARGET_10)",
					"$(LIBRARY_SEARCH_PATHS_QUOTED_FOR_TARGET_11)",
					"$(LIBRARY_SEARCH_PATHS_QUOTED_FOR_TARGET_12)",
					"$(LIBRARY_SEARCH_PATHS_QUOTED_FOR_TARGET_13)",
					"$(LIBRARY_SEARCH_PATHS_QUOTED_FOR_TARGET_14)",
					"$(LIBRARY_SEARCH_PATHS_QUOTED_FOR_TARGET_15)",
					"$(LIBRARY_SEARCH_PATHS_QUOTED_FOR_TARGET_2)",
					"$(LIBRARY_SEARCH_PATHS_QUOTED_1)",
					"$(LIBRARY_SEARCH_PATHS_QUOTED_FOR_TARGET_3)",
					"$(LIBRARY_SEARCH_PATHS_QUOTED_FOR_TARGET_7)",
					"$(LIBRARY_SEARCH_PATHS_QUOTED_FOR_TARGET_8)",
					"$(LIBRARY_SEARCH_PATHS_QUOTED_FOR_TARGET_9)",
					"$(LIBRARY_SEARCH_PATHS_QUOTED_FOR_TARGET_10)",
					"$(LIBRARY_SEARCH_PATHS_QUOTED_FOR_TARGET_11)",
					"$(LIBRARY_SEARCH_PATHS_QUOTED_FOR_TARGET_12)",
					"$(LIBRARY_SEARCH_PATHS_QUOTED_FOR_TARGET_13)",
					"$(LIBRARY_SEARCH_PATHS_QUOTED_FOR_TARGET_16)",
					"$(LIBRARY_SEARCH_PATHS_QUOTED_FOR_TARGET_17)",
					"$(LIBRARY_SEARCH_PATHS_QUOTED_FOR_TARGET_18)",
					"$(LIBRARY_SEARCH_PATHS_QUOTED_FOR_TARGET_19)",
					"$(LIBRARY_SEARCH_PATHS_QUOTED_FOR_TARGET_20)",
					"$(LIBRARY_SEARCH_PATHS_QUOTED_FOR_TARGET_21)",
					"$(LIBRARY_SEARCH_PATHS_QUOTED_FOR_TARGET_22)",
					"$(LIBRARY_SEARCH_PATHS_QUOTED_FOR_TARGET_23)",
					"$(LIBRARY_SEARCH_PATHS_QUOTED_FOR_TARGET_24)",
					"$(LIBRARY_SEARCH_PATHS_QUOTED_FOR_TARGET_25)",
					"$(LIBRARY_SEARCH_PATHS_QUOTED_FOR_TARGET_26)",
					"$(LIBRARY_SEARCH_PATHS_QUOTED_FOR_TARGET_27)",
					"$(LIBRARY_SEARCH_PATHS_QUOTED_FOR_TARGET_28)",
					"$(LIBRARY_SEARCH_PATHS_QUOTED_FOR_TARGET_29)",
					"$(LIBRARY_SEARCH_PATHS_QUOTED_FOR_TARGET_30)",
					"$(LIBRARY_SEARCH_PATHS_QUOTED_FOR_TARGET_31)",
					"$(LIBRARY_SEARCH_PATHS_QUOTED_FOR_TARGET_32)",
					"$(LIBRARY_SEARCH_PATHS_QUOTED_FOR_TARGET_33)",
					"$(LIBRARY_SEARCH_PATHS_QUOTED_FOR_TARGET_34)",
					"$(LIBRARY_SEARCH_PATHS_QUOTED_FOR_TARGET_35)",
					"$(LIBRARY_SEARCH_PATHS_QUOTED_FOR_TARGET_36)",
					"$(LIBRARY_SEARCH_PATHS_QUOTED_FOR_TARGET_37)",
					"$(LIBRARY_SEARCH_PATHS_QUOTED_FOR_TARGET_38)",
					"$(LIBRARY_SEARCH_PATHS_QUOTED_FOR_TARGET_39)",
					"$(LIBRARY_SEARCH_PATHS_QUOTED_FOR_TARGET_40)",
					"$(LIBRARY_SEARCH_PATHS_QUOTED_FOR_TARGET_41)",
					"$(LIBRARY_SEARCH_PATHS_QUOTED_FOR_TARGET_42)",
					"$(LIBRARY_SEARCH_PATHS_QUOTED_FOR_TARGET_43)",
					"$(LIBRARY_SEARCH_PATHS_QUOTED_FOR_TARGET_44)",
					"$(LIBRARY_SEARCH_PATHS_QUOTED_FOR_TARGET_45)",
					"$(LIBRARY_SEARCH_PATHS_QUOTED_FOR_TARGET_46)",
					"$(LIBRARY_SEARCH_PATHS_QUOTED_FOR_TARGET_47)",
					"$(LIBRARY_SEARCH_PATHS_QUOTED_FOR_TARGET_48)",
					"$(LIBRARY_SEARCH_PATHS_QUOTED_FOR_TARGET_49)",
					"$(LIBRARY_SEARCH_PATHS_QUOTED_FOR_TARGET_50)",
					"$(LIBRARY_SEARCH_PATHS_QUOTED_FOR_TARGET_51)",
					"$(LIBRARY_SEARCH_PATHS_QUOTED_FOR_TARGET_1)",
					"$(LIBRARY_SEARCH_PATHS_QUOTED_FOR_TARGET_2)",
					"$(LIBRARY_SEARCH_PATHS_QUOTED_FOR_TARGET_3)",
					"$(LIBRARY_SEARCH_PATHS_QUOTED_FOR_TARGET_4)",
					"$(LIBRARY_SEARCH_PATHS_QUOTED_FOR_TARGET_5)",
					"$(LIBRARY_SEARCH_PATHS_QUOTED_FOR_TARGET_6)",
					"$(LIBRARY_SEARCH_PATHS_QUOTED_FOR_TARGET_7)",
					"$(LIBRARY_SEARCH_PATHS_QUOTED_FOR_TARGET_8)",
					"$(LIBRARY_SEARCH_PATHS_QUOTED_1)",
					"$(LIBRARY_SEARCH_PATHS_QUOTED_FOR_TARGET_9)",
					/Users/Nori/Documents/oF008/apps/FlyOntheWall2/SkeltonTracking_receiver/ofxLibwebsockets/libs/libwebsockets/lib/linux64,
					/Users/Nori/Documents/oF008/apps/FlyOntheWall2/SkeltonTracking_receiver/ofxLibwebsockets/libs/libwebsockets/lib/linuxarmv6l,
					/Users/Nori/Documents/oF008/apps/FlyOntheWall2/SkeltonTracking_receiver/ofxLibwebsockets/libs/libwebsockets/lib/osx,
					/Users/Nori/Documents/oF008/apps/FlyOntheWall2/SkeltonTracking_receiver/ofxLibwebsockets/libs/libwebsockets/lib/win32/Debug,
					/Users/Nori/Documents/oF008/apps/FlyOntheWall2/SkeltonTracking_receiver/ofxLibwebsockets/libs/libwebsockets/lib/win32/Release,
					/Users/Nori/Documents/oF008/apps/FlyOntheWall2/SkeltonTracking_receiver/ofxLibwebsockets/libs/openssl/lib/osx,
					/Users/Nori/Documents/oF008/apps/FlyOntheWall2/SkeltonTracking_receiver/ofxLibwebsockets/libs/openssl/lib/win32,
					/Users/Nori/Documents/oF008/addons/ofxOpenNINew/lib,
				);
				LIBRARY_SEARCH_PATHS_QUOTED_1 = "\"$(SRCROOT)/bin/data/openni/lib\"";
				LIBRARY_SEARCH_PATHS_QUOTED_FOR_TARGET_1 = "\"$(SRCROOT)/../../../addons/ofxOpenCv/libs/opencv/lib/android/armeabi\"";
				LIBRARY_SEARCH_PATHS_QUOTED_FOR_TARGET_2 = "\"$(SRCROOT)/../../../addons/ofxOpenCv/libs/opencv/lib/android/armeabi-v7a\"";
				LIBRARY_SEARCH_PATHS_QUOTED_FOR_TARGET_3 = "\"$(SRCROOT)/../../../addons/ofxOpenCv/libs/opencv/lib/iphone\"";
				LIBRARY_SEARCH_PATHS_QUOTED_FOR_TARGET_4 = "\"$(SRCROOT)/../../../addons/ofxOpenCv/libs/opencv/lib/linux\"";
				LIBRARY_SEARCH_PATHS_QUOTED_FOR_TARGET_5 = "\"$(SRCROOT)/../../../addons/ofxOpenCv/libs/opencv/lib/linux64\"";
				LIBRARY_SEARCH_PATHS_QUOTED_FOR_TARGET_6 = "\"$(SRCROOT)/../../../addons/ofxOpenCv/libs/opencv/lib/osx\"";
				LIBRARY_SEARCH_PATHS_QUOTED_FOR_TARGET_7 = "\"$(SRCROOT)/../../../addons/ofxOpenCv/libs/opencv/lib/vs2010\"";
				LIBRARY_SEARCH_PATHS_QUOTED_FOR_TARGET_8 = "\"$(SRCROOT)/../../../addons/ofxOpenCv/libs/opencv/lib/win_cb\"";
				LIBRARY_SEARCH_PATHS_QUOTED_FOR_TARGET_9 = "\"$(SRCROOT)/bin/data/openni/lib\"";
				OSC_HEADER = "\"$(OF_PATH)/addons/ofxOsc/libs/oscpack/src\"";
				PREBINDING = NO;
				PRODUCT_NAME = "$(TARGET_NAME)";
				SDKROOT = macosx10.8;
				WRAPPER_EXTENSION = app;
			};
			name = Release;
		};
/* End XCBuildConfiguration section */

/* Begin XCConfigurationList section */
		E4B69B4D0A3A1720003C02F2 /* Build configuration list for PBXProject "openNiSample007" */ = {
			isa = XCConfigurationList;
			buildConfigurations = (
				E4B69B4E0A3A1720003C02F2 /* Debug */,
				E4B69B4F0A3A1720003C02F2 /* Release */,
			);
			defaultConfigurationIsVisible = 0;
			defaultConfigurationName = Release;
		};
		E4B69B5F0A3A1757003C02F2 /* Build configuration list for PBXNativeTarget "openNISample007" */ = {
			isa = XCConfigurationList;
			buildConfigurations = (
				E4B69B600A3A1757003C02F2 /* Debug */,
				E4B69B610A3A1757003C02F2 /* Release */,
			);
			defaultConfigurationIsVisible = 0;
			defaultConfigurationName = Release;
		};
/* End XCConfigurationList section */
	};
	rootObject = E4B69B4C0A3A1720003C02F2 /* Project object */;
}
